// !$*UTF8*$!
{
	archiveVersion = 1;
	classes = {
	};
	objectVersion = 56;
	objects = {

/* Begin PBXBuildFile section */
		3F514F982B70A25B00C1DEE7 /* SessionManager.swift in Sources */ = {isa = PBXBuildFile; fileRef = 3F514F972B70A25B00C1DEE7 /* SessionManager.swift */; };
		3FA46B202BA751740023302F /* EventCardViewModel.swift in Sources */ = {isa = PBXBuildFile; fileRef = 3FA46B1F2BA751740023302F /* EventCardViewModel.swift */; };
		3FBF9E102B749A03000D584B /* uploads in Resources */ = {isa = PBXBuildFile; fileRef = 3FBF9E0F2B749A03000D584B /* uploads */; };
		3FBF9E122B74A775000D584B /* idkIfNeed_BusinessFullContext.swift in Sources */ = {isa = PBXBuildFile; fileRef = 3FBF9E112B74A775000D584B /* idkIfNeed_BusinessFullContext.swift */; };
		3FCE1E402B7339B200C9E182 /* Types.swift in Sources */ = {isa = PBXBuildFile; fileRef = 3FCE1E3F2B7339B200C9E182 /* Types.swift */; };
		3FD4A4242B88206E00E92B07 /* EventFullContextView.swift in Sources */ = {isa = PBXBuildFile; fileRef = 3FD4A4232B88206E00E92B07 /* EventFullContextView.swift */; };
		3FD4A4262B88208100E92B07 /* LocalEventsView.swift in Sources */ = {isa = PBXBuildFile; fileRef = 3FD4A4252B88208100E92B07 /* LocalEventsView.swift */; };
		3FD4A4282B8820C300E92B07 /* EventCard.swift in Sources */ = {isa = PBXBuildFile; fileRef = 3FD4A4272B8820C300E92B07 /* EventCard.swift */; };
		3FD4A42A2B88214900E92B07 /* ReviewCard.swift in Sources */ = {isa = PBXBuildFile; fileRef = 3FD4A4292B88214900E92B07 /* ReviewCard.swift */; };
		3FD4A42C2B88217C00E92B07 /* BusinessFullContext.swift in Sources */ = {isa = PBXBuildFile; fileRef = 3FD4A42B2B88217C00E92B07 /* BusinessFullContext.swift */; };
		3FD4A42E2B8821B900E92B07 /* BusinessFullContextViewModel.swift in Sources */ = {isa = PBXBuildFile; fileRef = 3FD4A42D2B8821B900E92B07 /* BusinessFullContextViewModel.swift */; };
		3FD4A4302B88221500E92B07 /* CreateEventView.swift in Sources */ = {isa = PBXBuildFile; fileRef = 3FD4A42F2B88221500E92B07 /* CreateEventView.swift */; };
		3FD4A4322B88225500E92B07 /* RegisterBusinessView.swift in Sources */ = {isa = PBXBuildFile; fileRef = 3FD4A4312B88225500E92B07 /* RegisterBusinessView.swift */; };
		3FD4A4342B8822B900E92B07 /* HomeView.swift in Sources */ = {isa = PBXBuildFile; fileRef = 3FD4A4332B8822B900E92B07 /* HomeView.swift */; };
		3FD4A4362B8822FC00E92B07 /* ProfileView.swift in Sources */ = {isa = PBXBuildFile; fileRef = 3FD4A4352B8822FC00E92B07 /* ProfileView.swift */; };
		3FD4A4382B88234D00E92B07 /* RegisterAccountView.swift in Sources */ = {isa = PBXBuildFile; fileRef = 3FD4A4372B88234D00E92B07 /* RegisterAccountView.swift */; };
		3FD4A43A2B88238600E92B07 /* SearchBar.swift in Sources */ = {isa = PBXBuildFile; fileRef = 3FD4A4392B88238600E92B07 /* SearchBar.swift */; };
		3FD4A43C2B8823AC00E92B07 /* BusinessButton.swift in Sources */ = {isa = PBXBuildFile; fileRef = 3FD4A43B2B8823AC00E92B07 /* BusinessButton.swift */; };
		3FD4A43E2B8823C900E92B07 /* SearchView.swift in Sources */ = {isa = PBXBuildFile; fileRef = 3FD4A43D2B8823C900E92B07 /* SearchView.swift */; };
		3FD4A4402B8823F500E92B07 /* LoginView.swift in Sources */ = {isa = PBXBuildFile; fileRef = 3FD4A43F2B8823F500E92B07 /* LoginView.swift */; };
		3FD4A4412B88265E00E92B07 /* EventFullContextViewModel.swift in Sources */ = {isa = PBXBuildFile; fileRef = 3FD4A41F2B881FC000E92B07 /* EventFullContextViewModel.swift */; };
		3FD97F582B96179B00A53464 /* UpdateAccountViewModel.swift in Sources */ = {isa = PBXBuildFile; fileRef = 3FD97F572B96179B00A53464 /* UpdateAccountViewModel.swift */; };
		3FD97F5A2B9617F400A53464 /* ImagePicker.swift in Sources */ = {isa = PBXBuildFile; fileRef = 3FD97F592B9617F400A53464 /* ImagePicker.swift */; };
		3FD97F5C2B993CA600A53464 /* UpdateBusinessViewModel.swift in Sources */ = {isa = PBXBuildFile; fileRef = 3FD97F5B2B993CA600A53464 /* UpdateBusinessViewModel.swift */; };
		3FD97F5E2B99444000A53464 /* UpdateEventsListView.swift in Sources */ = {isa = PBXBuildFile; fileRef = 3FD97F5D2B99443F00A53464 /* UpdateEventsListView.swift */; };
		3FD97F612B99480E00A53464 /* UpdateEventViewModel.swift in Sources */ = {isa = PBXBuildFile; fileRef = 3FD97F602B99480E00A53464 /* UpdateEventViewModel.swift */; };
		3FD97F652B9A357F00A53464 /* DeleteButton.swift in Sources */ = {isa = PBXBuildFile; fileRef = 3FD97F642B9A357F00A53464 /* DeleteButton.swift */; };
		3FD97F672B9B9AB900A53464 /* ImageUploader.swift in Sources */ = {isa = PBXBuildFile; fileRef = 3FD97F662B9B9AB800A53464 /* ImageUploader.swift */; };
		3FD97F8B2B9E55BD00A53464 /* LocationRequestView.swift in Sources */ = {isa = PBXBuildFile; fileRef = 3FD97F8A2B9E55BD00A53464 /* LocationRequestView.swift */; };
		3FD97F8E2B9E562800A53464 /* MapView.swift in Sources */ = {isa = PBXBuildFile; fileRef = 3FD97F8C2B9E562800A53464 /* MapView.swift */; };
		3FD97F932B9E566800A53464 /* Geocoding.swift in Sources */ = {isa = PBXBuildFile; fileRef = 3FD97F912B9E566800A53464 /* Geocoding.swift */; };
		3FD97F962B9E568900A53464 /* AddressFinder.swift in Sources */ = {isa = PBXBuildFile; fileRef = 3FD97F942B9E568900A53464 /* AddressFinder.swift */; };
		3FD97F972B9E568900A53464 /* LocationManager.swift in Sources */ = {isa = PBXBuildFile; fileRef = 3FD97F952B9E568900A53464 /* LocationManager.swift */; };
		3FE90D572B8829F100FCCF54 /* archive_Register.swift in Sources */ = {isa = PBXBuildFile; fileRef = 3FE90D4D2B8829F100FCCF54 /* archive_Register.swift */; };
		3FE90D582B8829F100FCCF54 /* archive_Home.swift in Sources */ = {isa = PBXBuildFile; fileRef = 3FE90D4E2B8829F100FCCF54 /* archive_Home.swift */; };
		3FE90D592B8829F100FCCF54 /* archive_BusinessReviews.swift in Sources */ = {isa = PBXBuildFile; fileRef = 3FE90D4F2B8829F100FCCF54 /* archive_BusinessReviews.swift */; };
		3FE90D5A2B8829F100FCCF54 /* archive_RegisterBusiness.swift in Sources */ = {isa = PBXBuildFile; fileRef = 3FE90D502B8829F100FCCF54 /* archive_RegisterBusiness.swift */; };
		3FE90D5B2B8829F100FCCF54 /* archive_LocalEvents.swift in Sources */ = {isa = PBXBuildFile; fileRef = 3FE90D512B8829F100FCCF54 /* archive_LocalEvents.swift */; };
		3FE90D5C2B8829F100FCCF54 /* archive_Profile.swift in Sources */ = {isa = PBXBuildFile; fileRef = 3FE90D522B8829F100FCCF54 /* archive_Profile.swift */; };
		3FE90D5D2B8829F100FCCF54 /* archive_CreateEvent.swift in Sources */ = {isa = PBXBuildFile; fileRef = 3FE90D532B8829F100FCCF54 /* archive_CreateEvent.swift */; };
		3FE90D5E2B8829F100FCCF54 /* archive_Search.swift in Sources */ = {isa = PBXBuildFile; fileRef = 3FE90D542B8829F100FCCF54 /* archive_Search.swift */; };
		3FE90D5F2B8829F100FCCF54 /* Archive_EventFullContextView.swift in Sources */ = {isa = PBXBuildFile; fileRef = 3FE90D552B8829F100FCCF54 /* Archive_EventFullContextView.swift */; };
		3FE90D602B8829F100FCCF54 /* archive_login.swift in Sources */ = {isa = PBXBuildFile; fileRef = 3FE90D562B8829F100FCCF54 /* archive_login.swift */; };
		3FE90D622B882A7900FCCF54 /* RegisterBusinessViewModel.swift in Sources */ = {isa = PBXBuildFile; fileRef = 3FE90D612B882A7900FCCF54 /* RegisterBusinessViewModel.swift */; };
		3FE90D642B88305E00FCCF54 /* RegisterAccountViewModel.swift in Sources */ = {isa = PBXBuildFile; fileRef = 3FE90D632B88305E00FCCF54 /* RegisterAccountViewModel.swift */; };
		3FE90D662B8839B800FCCF54 /* SearchViewModel.swift in Sources */ = {isa = PBXBuildFile; fileRef = 3FE90D652B8839B800FCCF54 /* SearchViewModel.swift */; };
		3FE90D682B883A2900FCCF54 /* LoginViewModel.swift in Sources */ = {isa = PBXBuildFile; fileRef = 3FE90D672B883A2900FCCF54 /* LoginViewModel.swift */; };
		3FE90D6A2B883F7F00FCCF54 /* ProfileViewModel.swift in Sources */ = {isa = PBXBuildFile; fileRef = 3FE90D692B883F7F00FCCF54 /* ProfileViewModel.swift */; };
		3FE90D6C2B8840B600FCCF54 /* LocalEventsViewModel.swift in Sources */ = {isa = PBXBuildFile; fileRef = 3FE90D6B2B8840B600FCCF54 /* LocalEventsViewModel.swift */; };
		3FE90D6E2B88412000FCCF54 /* CreateNewEventViewModel.swift in Sources */ = {isa = PBXBuildFile; fileRef = 3FE90D6D2B88412000FCCF54 /* CreateNewEventViewModel.swift */; };
		5BDB24852BA0B29700CD5042 /* AddressFinderView.swift in Sources */ = {isa = PBXBuildFile; fileRef = 5BDB24842BA0B29700CD5042 /* AddressFinderView.swift */; };
		C03488762B9608EF00D4AD91 /* updateAccount.swift in Sources */ = {isa = PBXBuildFile; fileRef = C03488752B9608EF00D4AD91 /* updateAccount.swift */; };
		C03488782B9609D600D4AD91 /* updateBusiness.swift in Sources */ = {isa = PBXBuildFile; fileRef = C03488772B9609D600D4AD91 /* updateBusiness.swift */; };
		C034887A2B960B0400D4AD91 /* updateEvent.swift in Sources */ = {isa = PBXBuildFile; fileRef = C03488792B960B0400D4AD91 /* updateEvent.swift */; };
		C0F297842B4851C40096E053 /* WoofApp.swift in Sources */ = {isa = PBXBuildFile; fileRef = C0F297832B4851C40096E053 /* WoofApp.swift */; };
		C0F297882B4851C70096E053 /* Assets.xcassets in Resources */ = {isa = PBXBuildFile; fileRef = C0F297872B4851C70096E053 /* Assets.xcassets */; };
		C0F2978B2B4851C70096E053 /* Preview Assets.xcassets in Resources */ = {isa = PBXBuildFile; fileRef = C0F2978A2B4851C70096E053 /* Preview Assets.xcassets */; };
		C0F297952B4851C70096E053 /* WoofTests.swift in Sources */ = {isa = PBXBuildFile; fileRef = C0F297942B4851C70096E053 /* WoofTests.swift */; };
		C0F2979F2B4851C70096E053 /* WoofUITests.swift in Sources */ = {isa = PBXBuildFile; fileRef = C0F2979E2B4851C70096E053 /* WoofUITests.swift */; };
		C0F297A12B4851C70096E053 /* WoofUITestsLaunchTests.swift in Sources */ = {isa = PBXBuildFile; fileRef = C0F297A02B4851C70096E053 /* WoofUITestsLaunchTests.swift */; };
/* End PBXBuildFile section */

/* Begin PBXContainerItemProxy section */
		C0F297912B4851C70096E053 /* PBXContainerItemProxy */ = {
			isa = PBXContainerItemProxy;
			containerPortal = C0F297782B4851C40096E053 /* Project object */;
			proxyType = 1;
			remoteGlobalIDString = C0F2977F2B4851C40096E053;
			remoteInfo = Woof;
		};
		C0F2979B2B4851C70096E053 /* PBXContainerItemProxy */ = {
			isa = PBXContainerItemProxy;
			containerPortal = C0F297782B4851C40096E053 /* Project object */;
			proxyType = 1;
			remoteGlobalIDString = C0F2977F2B4851C40096E053;
			remoteInfo = Woof;
		};
/* End PBXContainerItemProxy section */

/* Begin PBXFileReference section */
		3F514F972B70A25B00C1DEE7 /* SessionManager.swift */ = {isa = PBXFileReference; lastKnownFileType = sourcecode.swift; path = SessionManager.swift; sourceTree = "<group>"; };
		3FA46B1F2BA751740023302F /* EventCardViewModel.swift */ = {isa = PBXFileReference; lastKnownFileType = sourcecode.swift; path = EventCardViewModel.swift; sourceTree = "<group>"; };
		3FBF9E0F2B749A03000D584B /* uploads */ = {isa = PBXFileReference; lastKnownFileType = folder; path = uploads; sourceTree = "<group>"; };
		3FBF9E112B74A775000D584B /* idkIfNeed_BusinessFullContext.swift */ = {isa = PBXFileReference; lastKnownFileType = sourcecode.swift; path = idkIfNeed_BusinessFullContext.swift; sourceTree = "<group>"; };
		3FCE1E3F2B7339B200C9E182 /* Types.swift */ = {isa = PBXFileReference; lastKnownFileType = sourcecode.swift; path = Types.swift; sourceTree = "<group>"; };
		3FD4A41F2B881FC000E92B07 /* EventFullContextViewModel.swift */ = {isa = PBXFileReference; lastKnownFileType = sourcecode.swift; path = EventFullContextViewModel.swift; sourceTree = "<group>"; };
		3FD4A4232B88206E00E92B07 /* EventFullContextView.swift */ = {isa = PBXFileReference; lastKnownFileType = sourcecode.swift; path = EventFullContextView.swift; sourceTree = "<group>"; };
		3FD4A4252B88208100E92B07 /* LocalEventsView.swift */ = {isa = PBXFileReference; lastKnownFileType = sourcecode.swift; path = LocalEventsView.swift; sourceTree = "<group>"; };
		3FD4A4272B8820C300E92B07 /* EventCard.swift */ = {isa = PBXFileReference; lastKnownFileType = sourcecode.swift; path = EventCard.swift; sourceTree = "<group>"; };
		3FD4A4292B88214900E92B07 /* ReviewCard.swift */ = {isa = PBXFileReference; lastKnownFileType = sourcecode.swift; path = ReviewCard.swift; sourceTree = "<group>"; };
		3FD4A42B2B88217C00E92B07 /* BusinessFullContext.swift */ = {isa = PBXFileReference; lastKnownFileType = sourcecode.swift; path = BusinessFullContext.swift; sourceTree = "<group>"; };
		3FD4A42D2B8821B900E92B07 /* BusinessFullContextViewModel.swift */ = {isa = PBXFileReference; lastKnownFileType = sourcecode.swift; path = BusinessFullContextViewModel.swift; sourceTree = "<group>"; };
		3FD4A42F2B88221500E92B07 /* CreateEventView.swift */ = {isa = PBXFileReference; lastKnownFileType = sourcecode.swift; path = CreateEventView.swift; sourceTree = "<group>"; };
		3FD4A4312B88225500E92B07 /* RegisterBusinessView.swift */ = {isa = PBXFileReference; lastKnownFileType = sourcecode.swift; path = RegisterBusinessView.swift; sourceTree = "<group>"; };
		3FD4A4332B8822B900E92B07 /* HomeView.swift */ = {isa = PBXFileReference; lastKnownFileType = sourcecode.swift; path = HomeView.swift; sourceTree = "<group>"; };
		3FD4A4352B8822FC00E92B07 /* ProfileView.swift */ = {isa = PBXFileReference; lastKnownFileType = sourcecode.swift; path = ProfileView.swift; sourceTree = "<group>"; };
		3FD4A4372B88234D00E92B07 /* RegisterAccountView.swift */ = {isa = PBXFileReference; lastKnownFileType = sourcecode.swift; path = RegisterAccountView.swift; sourceTree = "<group>"; };
		3FD4A4392B88238600E92B07 /* SearchBar.swift */ = {isa = PBXFileReference; lastKnownFileType = sourcecode.swift; path = SearchBar.swift; sourceTree = "<group>"; };
		3FD4A43B2B8823AC00E92B07 /* BusinessButton.swift */ = {isa = PBXFileReference; lastKnownFileType = sourcecode.swift; path = BusinessButton.swift; sourceTree = "<group>"; };
		3FD4A43D2B8823C900E92B07 /* SearchView.swift */ = {isa = PBXFileReference; lastKnownFileType = sourcecode.swift; path = SearchView.swift; sourceTree = "<group>"; };
		3FD4A43F2B8823F500E92B07 /* LoginView.swift */ = {isa = PBXFileReference; lastKnownFileType = sourcecode.swift; path = LoginView.swift; sourceTree = "<group>"; };
		3FD97F572B96179B00A53464 /* UpdateAccountViewModel.swift */ = {isa = PBXFileReference; lastKnownFileType = sourcecode.swift; path = UpdateAccountViewModel.swift; sourceTree = "<group>"; };
		3FD97F592B9617F400A53464 /* ImagePicker.swift */ = {isa = PBXFileReference; lastKnownFileType = sourcecode.swift; path = ImagePicker.swift; sourceTree = "<group>"; };
		3FD97F5B2B993CA600A53464 /* UpdateBusinessViewModel.swift */ = {isa = PBXFileReference; lastKnownFileType = sourcecode.swift; path = UpdateBusinessViewModel.swift; sourceTree = "<group>"; };
		3FD97F5D2B99443F00A53464 /* UpdateEventsListView.swift */ = {isa = PBXFileReference; lastKnownFileType = sourcecode.swift; path = UpdateEventsListView.swift; sourceTree = "<group>"; };
		3FD97F602B99480E00A53464 /* UpdateEventViewModel.swift */ = {isa = PBXFileReference; lastKnownFileType = sourcecode.swift; path = UpdateEventViewModel.swift; sourceTree = "<group>"; };
		3FD97F642B9A357F00A53464 /* DeleteButton.swift */ = {isa = PBXFileReference; fileEncoding = 4; lastKnownFileType = sourcecode.swift; path = DeleteButton.swift; sourceTree = "<group>"; };
		3FD97F662B9B9AB800A53464 /* ImageUploader.swift */ = {isa = PBXFileReference; lastKnownFileType = sourcecode.swift; path = ImageUploader.swift; sourceTree = "<group>"; };
		3FD97F8A2B9E55BD00A53464 /* LocationRequestView.swift */ = {isa = PBXFileReference; fileEncoding = 4; lastKnownFileType = sourcecode.swift; path = LocationRequestView.swift; sourceTree = "<group>"; };
		3FD97F8C2B9E562800A53464 /* MapView.swift */ = {isa = PBXFileReference; fileEncoding = 4; lastKnownFileType = sourcecode.swift; path = MapView.swift; sourceTree = "<group>"; };
		3FD97F912B9E566800A53464 /* Geocoding.swift */ = {isa = PBXFileReference; fileEncoding = 4; lastKnownFileType = sourcecode.swift; path = Geocoding.swift; sourceTree = "<group>"; };
		3FD97F942B9E568900A53464 /* AddressFinder.swift */ = {isa = PBXFileReference; fileEncoding = 4; lastKnownFileType = sourcecode.swift; path = AddressFinder.swift; sourceTree = "<group>"; };
		3FD97F952B9E568900A53464 /* LocationManager.swift */ = {isa = PBXFileReference; fileEncoding = 4; lastKnownFileType = sourcecode.swift; path = LocationManager.swift; sourceTree = "<group>"; };
		3FE90D4D2B8829F100FCCF54 /* archive_Register.swift */ = {isa = PBXFileReference; fileEncoding = 4; lastKnownFileType = sourcecode.swift; path = archive_Register.swift; sourceTree = "<group>"; };
		3FE90D4E2B8829F100FCCF54 /* archive_Home.swift */ = {isa = PBXFileReference; fileEncoding = 4; lastKnownFileType = sourcecode.swift; path = archive_Home.swift; sourceTree = "<group>"; };
		3FE90D4F2B8829F100FCCF54 /* archive_BusinessReviews.swift */ = {isa = PBXFileReference; fileEncoding = 4; lastKnownFileType = sourcecode.swift; path = archive_BusinessReviews.swift; sourceTree = "<group>"; };
		3FE90D502B8829F100FCCF54 /* archive_RegisterBusiness.swift */ = {isa = PBXFileReference; fileEncoding = 4; lastKnownFileType = sourcecode.swift; path = archive_RegisterBusiness.swift; sourceTree = "<group>"; };
		3FE90D512B8829F100FCCF54 /* archive_LocalEvents.swift */ = {isa = PBXFileReference; fileEncoding = 4; lastKnownFileType = sourcecode.swift; path = archive_LocalEvents.swift; sourceTree = "<group>"; };
		3FE90D522B8829F100FCCF54 /* archive_Profile.swift */ = {isa = PBXFileReference; fileEncoding = 4; lastKnownFileType = sourcecode.swift; path = archive_Profile.swift; sourceTree = "<group>"; };
		3FE90D532B8829F100FCCF54 /* archive_CreateEvent.swift */ = {isa = PBXFileReference; fileEncoding = 4; lastKnownFileType = sourcecode.swift; path = archive_CreateEvent.swift; sourceTree = "<group>"; };
		3FE90D542B8829F100FCCF54 /* archive_Search.swift */ = {isa = PBXFileReference; fileEncoding = 4; lastKnownFileType = sourcecode.swift; path = archive_Search.swift; sourceTree = "<group>"; };
		3FE90D552B8829F100FCCF54 /* Archive_EventFullContextView.swift */ = {isa = PBXFileReference; fileEncoding = 4; lastKnownFileType = sourcecode.swift; path = Archive_EventFullContextView.swift; sourceTree = "<group>"; };
		3FE90D562B8829F100FCCF54 /* archive_login.swift */ = {isa = PBXFileReference; fileEncoding = 4; lastKnownFileType = sourcecode.swift; path = archive_login.swift; sourceTree = "<group>"; };
		3FE90D612B882A7900FCCF54 /* RegisterBusinessViewModel.swift */ = {isa = PBXFileReference; lastKnownFileType = sourcecode.swift; path = RegisterBusinessViewModel.swift; sourceTree = "<group>"; };
		3FE90D632B88305E00FCCF54 /* RegisterAccountViewModel.swift */ = {isa = PBXFileReference; lastKnownFileType = sourcecode.swift; path = RegisterAccountViewModel.swift; sourceTree = "<group>"; };
		3FE90D652B8839B800FCCF54 /* SearchViewModel.swift */ = {isa = PBXFileReference; lastKnownFileType = sourcecode.swift; path = SearchViewModel.swift; sourceTree = "<group>"; };
		3FE90D672B883A2900FCCF54 /* LoginViewModel.swift */ = {isa = PBXFileReference; lastKnownFileType = sourcecode.swift; path = LoginViewModel.swift; sourceTree = "<group>"; };
		3FE90D692B883F7F00FCCF54 /* ProfileViewModel.swift */ = {isa = PBXFileReference; lastKnownFileType = sourcecode.swift; path = ProfileViewModel.swift; sourceTree = "<group>"; };
		3FE90D6B2B8840B600FCCF54 /* LocalEventsViewModel.swift */ = {isa = PBXFileReference; lastKnownFileType = sourcecode.swift; path = LocalEventsViewModel.swift; sourceTree = "<group>"; };
		3FE90D6D2B88412000FCCF54 /* CreateNewEventViewModel.swift */ = {isa = PBXFileReference; lastKnownFileType = sourcecode.swift; path = CreateNewEventViewModel.swift; sourceTree = "<group>"; };
		5BDB24842BA0B29700CD5042 /* AddressFinderView.swift */ = {isa = PBXFileReference; lastKnownFileType = sourcecode.swift; path = AddressFinderView.swift; sourceTree = "<group>"; };
		5BDB24862BA0D81400CD5042 /* Info.plist */ = {isa = PBXFileReference; lastKnownFileType = text.plist.xml; path = Info.plist; sourceTree = "<group>"; };
		C03488752B9608EF00D4AD91 /* updateAccount.swift */ = {isa = PBXFileReference; lastKnownFileType = sourcecode.swift; path = updateAccount.swift; sourceTree = "<group>"; };
		C03488772B9609D600D4AD91 /* updateBusiness.swift */ = {isa = PBXFileReference; lastKnownFileType = sourcecode.swift; path = updateBusiness.swift; sourceTree = "<group>"; };
		C03488792B960B0400D4AD91 /* updateEvent.swift */ = {isa = PBXFileReference; lastKnownFileType = sourcecode.swift; path = updateEvent.swift; sourceTree = "<group>"; };
		C0F297802B4851C40096E053 /* Woof.app */ = {isa = PBXFileReference; explicitFileType = wrapper.application; includeInIndex = 0; path = Woof.app; sourceTree = BUILT_PRODUCTS_DIR; };
		C0F297832B4851C40096E053 /* WoofApp.swift */ = {isa = PBXFileReference; lastKnownFileType = sourcecode.swift; path = WoofApp.swift; sourceTree = "<group>"; };
		C0F297872B4851C70096E053 /* Assets.xcassets */ = {isa = PBXFileReference; lastKnownFileType = folder.assetcatalog; path = Assets.xcassets; sourceTree = "<group>"; };
		C0F2978A2B4851C70096E053 /* Preview Assets.xcassets */ = {isa = PBXFileReference; lastKnownFileType = folder.assetcatalog; path = "Preview Assets.xcassets"; sourceTree = "<group>"; };
		C0F297902B4851C70096E053 /* WoofTests.xctest */ = {isa = PBXFileReference; explicitFileType = wrapper.cfbundle; includeInIndex = 0; path = WoofTests.xctest; sourceTree = BUILT_PRODUCTS_DIR; };
		C0F297942B4851C70096E053 /* WoofTests.swift */ = {isa = PBXFileReference; lastKnownFileType = sourcecode.swift; path = WoofTests.swift; sourceTree = "<group>"; };
		C0F2979A2B4851C70096E053 /* WoofUITests.xctest */ = {isa = PBXFileReference; explicitFileType = wrapper.cfbundle; includeInIndex = 0; path = WoofUITests.xctest; sourceTree = BUILT_PRODUCTS_DIR; };
		C0F2979E2B4851C70096E053 /* WoofUITests.swift */ = {isa = PBXFileReference; lastKnownFileType = sourcecode.swift; path = WoofUITests.swift; sourceTree = "<group>"; };
		C0F297A02B4851C70096E053 /* WoofUITestsLaunchTests.swift */ = {isa = PBXFileReference; lastKnownFileType = sourcecode.swift; path = WoofUITestsLaunchTests.swift; sourceTree = "<group>"; };
/* End PBXFileReference section */

/* Begin PBXFrameworksBuildPhase section */
		C0F2977D2B4851C40096E053 /* Frameworks */ = {
			isa = PBXFrameworksBuildPhase;
			buildActionMask = 2147483647;
			files = (
			);
			runOnlyForDeploymentPostprocessing = 0;
		};
		C0F2978D2B4851C70096E053 /* Frameworks */ = {
			isa = PBXFrameworksBuildPhase;
			buildActionMask = 2147483647;
			files = (
			);
			runOnlyForDeploymentPostprocessing = 0;
		};
		C0F297972B4851C70096E053 /* Frameworks */ = {
			isa = PBXFrameworksBuildPhase;
			buildActionMask = 2147483647;
			files = (
			);
			runOnlyForDeploymentPostprocessing = 0;
		};
/* End PBXFrameworksBuildPhase section */

/* Begin PBXGroup section */
		3FBB50FA2B87D1D700F5175C /* Assets */ = {
			isa = PBXGroup;
			children = (
				3FD97F9A2B9E571100A53464 /* MapAsset */,
				3FD97F642B9A357F00A53464 /* DeleteButton.swift */,
				3FD4A4272B8820C300E92B07 /* EventCard.swift */,
				3FD4A4292B88214900E92B07 /* ReviewCard.swift */,
				3FD4A4392B88238600E92B07 /* SearchBar.swift */,
				3FD4A43B2B8823AC00E92B07 /* BusinessButton.swift */,
				3FD97F592B9617F400A53464 /* ImagePicker.swift */,
				3FA46B1F2BA751740023302F /* EventCardViewModel.swift */,
			);
			path = Assets;
			sourceTree = "<group>";
		};
		3FBB50FB2B87D1DF00F5175C /* Types */ = {
			isa = PBXGroup;
			children = (
				3FCE1E3F2B7339B200C9E182 /* Types.swift */,
			);
			path = Types;
			sourceTree = "<group>";
		};
		3FBB50FC2B87D1F500F5175C /* Helper */ = {
			isa = PBXGroup;
			children = (
				3F514F972B70A25B00C1DEE7 /* SessionManager.swift */,
				3FD97F662B9B9AB800A53464 /* ImageUploader.swift */,
			);
			path = Helper;
			sourceTree = "<group>";
		};
		3FD4A41E2B881FC000E92B07 /* ViewModels */ = {
			isa = PBXGroup;
			children = (
				3FBF9E0F2B749A03000D584B /* uploads */,
				3FD97F602B99480E00A53464 /* UpdateEventViewModel.swift */,
				3FD4A42D2B8821B900E92B07 /* BusinessFullContextViewModel.swift */,
				3FD4A41F2B881FC000E92B07 /* EventFullContextViewModel.swift */,
				3FE90D612B882A7900FCCF54 /* RegisterBusinessViewModel.swift */,
				3FE90D632B88305E00FCCF54 /* RegisterAccountViewModel.swift */,
				3FE90D652B8839B800FCCF54 /* SearchViewModel.swift */,
				3FE90D672B883A2900FCCF54 /* LoginViewModel.swift */,
				3FE90D692B883F7F00FCCF54 /* ProfileViewModel.swift */,
				3FE90D6B2B8840B600FCCF54 /* LocalEventsViewModel.swift */,
				3FE90D6D2B88412000FCCF54 /* CreateNewEventViewModel.swift */,
				3FD97F572B96179B00A53464 /* UpdateAccountViewModel.swift */,
				3FD97F5B2B993CA600A53464 /* UpdateBusinessViewModel.swift */,
			);
			path = ViewModels;
			sourceTree = "<group>";
		};
		3FD4A4222B88206A00E92B07 /* View */ = {
			isa = PBXGroup;
			children = (
				3FD4A4332B8822B900E92B07 /* HomeView.swift */,
				3FD97F8A2B9E55BD00A53464 /* LocationRequestView.swift */,
				3FD97F8C2B9E562800A53464 /* MapView.swift */,
				5BDB24842BA0B29700CD5042 /* AddressFinderView.swift */,
				3FD4A4232B88206E00E92B07 /* EventFullContextView.swift */,
				3FD4A4252B88208100E92B07 /* LocalEventsView.swift */,
				3FD4A42B2B88217C00E92B07 /* BusinessFullContext.swift */,
				3FD4A42F2B88221500E92B07 /* CreateEventView.swift */,
				3FD4A4312B88225500E92B07 /* RegisterBusinessView.swift */,
				3FD4A4352B8822FC00E92B07 /* ProfileView.swift */,
				C03488752B9608EF00D4AD91 /* updateAccount.swift */,
				C03488772B9609D600D4AD91 /* updateBusiness.swift */,
				C03488792B960B0400D4AD91 /* updateEvent.swift */,
				3FD4A4372B88234D00E92B07 /* RegisterAccountView.swift */,
				3FD4A43D2B8823C900E92B07 /* SearchView.swift */,
				3FD4A43F2B8823F500E92B07 /* LoginView.swift */,
				3FD97F5D2B99443F00A53464 /* UpdateEventsListView.swift */,
			);
			path = View;
			sourceTree = "<group>";
		};
		3FD4A4422B88294200E92B07 /* archive */ = {
			isa = PBXGroup;
			children = (
				3FE90D4F2B8829F100FCCF54 /* archive_BusinessReviews.swift */,
				3FE90D532B8829F100FCCF54 /* archive_CreateEvent.swift */,
				3FE90D552B8829F100FCCF54 /* Archive_EventFullContextView.swift */,
				3FE90D4E2B8829F100FCCF54 /* archive_Home.swift */,
				3FE90D512B8829F100FCCF54 /* archive_LocalEvents.swift */,
				3FE90D562B8829F100FCCF54 /* archive_login.swift */,
				3FE90D522B8829F100FCCF54 /* archive_Profile.swift */,
				3FE90D4D2B8829F100FCCF54 /* archive_Register.swift */,
				3FE90D502B8829F100FCCF54 /* archive_RegisterBusiness.swift */,
				3FE90D542B8829F100FCCF54 /* archive_Search.swift */,
				3FBF9E112B74A775000D584B /* idkIfNeed_BusinessFullContext.swift */,
			);
			path = archive;
			sourceTree = "<group>";
		};
		3FD97F9A2B9E571100A53464 /* MapAsset */ = {
			isa = PBXGroup;
			children = (
				3FD97F942B9E568900A53464 /* AddressFinder.swift */,
				3FD97F912B9E566800A53464 /* Geocoding.swift */,
				3FD97F952B9E568900A53464 /* LocationManager.swift */,
			);
			path = MapAsset;
			sourceTree = "<group>";
		};
		C0F297772B4851C40096E053 = {
			isa = PBXGroup;
			children = (
				C0F297822B4851C40096E053 /* Woof */,
				C0F297932B4851C70096E053 /* WoofTests */,
				C0F2979D2B4851C70096E053 /* WoofUITests */,
				C0F297812B4851C40096E053 /* Products */,
			);
			sourceTree = "<group>";
		};
		C0F297812B4851C40096E053 /* Products */ = {
			isa = PBXGroup;
			children = (
				C0F297802B4851C40096E053 /* Woof.app */,
				C0F297902B4851C70096E053 /* WoofTests.xctest */,
				C0F2979A2B4851C70096E053 /* WoofUITests.xctest */,
			);
			name = Products;
			sourceTree = "<group>";
		};
		C0F297822B4851C40096E053 /* Woof */ = {
			isa = PBXGroup;
			children = (
				5BDB24862BA0D81400CD5042 /* Info.plist */,
				3FD4A4422B88294200E92B07 /* archive */,
				3FD4A4222B88206A00E92B07 /* View */,
				3FD4A41E2B881FC000E92B07 /* ViewModels */,
				3FBB50FC2B87D1F500F5175C /* Helper */,
				3FBB50FB2B87D1DF00F5175C /* Types */,
				3FBB50FA2B87D1D700F5175C /* Assets */,
				C0F297832B4851C40096E053 /* WoofApp.swift */,
				C0F297872B4851C70096E053 /* Assets.xcassets */,
				C0F297892B4851C70096E053 /* Preview Content */,
			);
			path = Woof;
			sourceTree = "<group>";
		};
		C0F297892B4851C70096E053 /* Preview Content */ = {
			isa = PBXGroup;
			children = (
				C0F2978A2B4851C70096E053 /* Preview Assets.xcassets */,
			);
			path = "Preview Content";
			sourceTree = "<group>";
		};
		C0F297932B4851C70096E053 /* WoofTests */ = {
			isa = PBXGroup;
			children = (
				C0F297942B4851C70096E053 /* WoofTests.swift */,
			);
			path = WoofTests;
			sourceTree = "<group>";
		};
		C0F2979D2B4851C70096E053 /* WoofUITests */ = {
			isa = PBXGroup;
			children = (
				C0F2979E2B4851C70096E053 /* WoofUITests.swift */,
				C0F297A02B4851C70096E053 /* WoofUITestsLaunchTests.swift */,
			);
			path = WoofUITests;
			sourceTree = "<group>";
		};
/* End PBXGroup section */

/* Begin PBXNativeTarget section */
		C0F2977F2B4851C40096E053 /* Woof */ = {
			isa = PBXNativeTarget;
			buildConfigurationList = C0F297A42B4851C70096E053 /* Build configuration list for PBXNativeTarget "Woof" */;
			buildPhases = (
				C0F2977C2B4851C40096E053 /* Sources */,
				C0F2977D2B4851C40096E053 /* Frameworks */,
				C0F2977E2B4851C40096E053 /* Resources */,
			);
			buildRules = (
			);
			dependencies = (
			);
			name = Woof;
			productName = Woof;
			productReference = C0F297802B4851C40096E053 /* Woof.app */;
			productType = "com.apple.product-type.application";
		};
		C0F2978F2B4851C70096E053 /* WoofTests */ = {
			isa = PBXNativeTarget;
			buildConfigurationList = C0F297A72B4851C80096E053 /* Build configuration list for PBXNativeTarget "WoofTests" */;
			buildPhases = (
				C0F2978C2B4851C70096E053 /* Sources */,
				C0F2978D2B4851C70096E053 /* Frameworks */,
				C0F2978E2B4851C70096E053 /* Resources */,
			);
			buildRules = (
			);
			dependencies = (
				C0F297922B4851C70096E053 /* PBXTargetDependency */,
			);
			name = WoofTests;
			productName = WoofTests;
			productReference = C0F297902B4851C70096E053 /* WoofTests.xctest */;
			productType = "com.apple.product-type.bundle.unit-test";
		};
		C0F297992B4851C70096E053 /* WoofUITests */ = {
			isa = PBXNativeTarget;
			buildConfigurationList = C0F297AA2B4851C80096E053 /* Build configuration list for PBXNativeTarget "WoofUITests" */;
			buildPhases = (
				C0F297962B4851C70096E053 /* Sources */,
				C0F297972B4851C70096E053 /* Frameworks */,
				C0F297982B4851C70096E053 /* Resources */,
			);
			buildRules = (
			);
			dependencies = (
				C0F2979C2B4851C70096E053 /* PBXTargetDependency */,
			);
			name = WoofUITests;
			productName = WoofUITests;
			productReference = C0F2979A2B4851C70096E053 /* WoofUITests.xctest */;
			productType = "com.apple.product-type.bundle.ui-testing";
		};
/* End PBXNativeTarget section */

/* Begin PBXProject section */
		C0F297782B4851C40096E053 /* Project object */ = {
			isa = PBXProject;
			attributes = {
				BuildIndependentTargetsInParallel = 1;
				KnownAssetTags = (
					New,
				);
				LastSwiftUpdateCheck = 1520;
				LastUpgradeCheck = 1510;
				TargetAttributes = {
					C0F2977F2B4851C40096E053 = {
						CreatedOnToolsVersion = 15.1;
					};
					C0F2978F2B4851C70096E053 = {
						CreatedOnToolsVersion = 15.1;
						TestTargetID = C0F2977F2B4851C40096E053;
					};
					C0F297992B4851C70096E053 = {
						CreatedOnToolsVersion = 15.1;
						TestTargetID = C0F2977F2B4851C40096E053;
					};
				};
			};
			buildConfigurationList = C0F2977B2B4851C40096E053 /* Build configuration list for PBXProject "Woof" */;
			compatibilityVersion = "Xcode 14.0";
			developmentRegion = en;
			hasScannedForEncodings = 0;
			knownRegions = (
				en,
				Base,
			);
			mainGroup = C0F297772B4851C40096E053;
			packageReferences = (
			);
			productRefGroup = C0F297812B4851C40096E053 /* Products */;
			projectDirPath = "";
			projectRoot = "";
			targets = (
				C0F2977F2B4851C40096E053 /* Woof */,
				C0F2978F2B4851C70096E053 /* WoofTests */,
				C0F297992B4851C70096E053 /* WoofUITests */,
			);
		};
/* End PBXProject section */

/* Begin PBXResourcesBuildPhase section */
		C0F2977E2B4851C40096E053 /* Resources */ = {
			isa = PBXResourcesBuildPhase;
			buildActionMask = 2147483647;
			files = (
				3FBF9E102B749A03000D584B /* uploads in Resources */,
				C0F2978B2B4851C70096E053 /* Preview Assets.xcassets in Resources */,
				C0F297882B4851C70096E053 /* Assets.xcassets in Resources */,
			);
			runOnlyForDeploymentPostprocessing = 0;
		};
		C0F2978E2B4851C70096E053 /* Resources */ = {
			isa = PBXResourcesBuildPhase;
			buildActionMask = 2147483647;
			files = (
			);
			runOnlyForDeploymentPostprocessing = 0;
		};
		C0F297982B4851C70096E053 /* Resources */ = {
			isa = PBXResourcesBuildPhase;
			buildActionMask = 2147483647;
			files = (
			);
			runOnlyForDeploymentPostprocessing = 0;
		};
/* End PBXResourcesBuildPhase section */

/* Begin PBXSourcesBuildPhase section */
		C0F2977C2B4851C40096E053 /* Sources */ = {
			isa = PBXSourcesBuildPhase;
			buildActionMask = 2147483647;
			files = (
				3FE90D662B8839B800FCCF54 /* SearchViewModel.swift in Sources */,
				3FE90D5F2B8829F100FCCF54 /* Archive_EventFullContextView.swift in Sources */,
				3FE90D5C2B8829F100FCCF54 /* archive_Profile.swift in Sources */,
				3FD97F5C2B993CA600A53464 /* UpdateBusinessViewModel.swift in Sources */,
				3FD97F5E2B99444000A53464 /* UpdateEventsListView.swift in Sources */,
				3FD97F5A2B9617F400A53464 /* ImagePicker.swift in Sources */,
				3FD4A4402B8823F500E92B07 /* LoginView.swift in Sources */,
				3FE90D5D2B8829F100FCCF54 /* archive_CreateEvent.swift in Sources */,
				3FE90D6E2B88412000FCCF54 /* CreateNewEventViewModel.swift in Sources */,
				C03488762B9608EF00D4AD91 /* updateAccount.swift in Sources */,
				3FE90D592B8829F100FCCF54 /* archive_BusinessReviews.swift in Sources */,
				3FE90D572B8829F100FCCF54 /* archive_Register.swift in Sources */,
				3FE90D5A2B8829F100FCCF54 /* archive_RegisterBusiness.swift in Sources */,
				3FBF9E122B74A775000D584B /* idkIfNeed_BusinessFullContext.swift in Sources */,
				3FD97F612B99480E00A53464 /* UpdateEventViewModel.swift in Sources */,
				3FD4A43E2B8823C900E92B07 /* SearchView.swift in Sources */,
				3FE90D682B883A2900FCCF54 /* LoginViewModel.swift in Sources */,
				3FD97F672B9B9AB900A53464 /* ImageUploader.swift in Sources */,
				3FD4A4302B88221500E92B07 /* CreateEventView.swift in Sources */,
				C03488782B9609D600D4AD91 /* updateBusiness.swift in Sources */,
				3FCE1E402B7339B200C9E182 /* Types.swift in Sources */,
				3FE90D5E2B8829F100FCCF54 /* archive_Search.swift in Sources */,
				3FE90D5B2B8829F100FCCF54 /* archive_LocalEvents.swift in Sources */,
				3FD4A4362B8822FC00E92B07 /* ProfileView.swift in Sources */,
				3FE90D582B8829F100FCCF54 /* archive_Home.swift in Sources */,
				3FD4A4242B88206E00E92B07 /* EventFullContextView.swift in Sources */,
				3FD97F962B9E568900A53464 /* AddressFinder.swift in Sources */,
				3FD4A4412B88265E00E92B07 /* EventFullContextViewModel.swift in Sources */,
				3FD4A43A2B88238600E92B07 /* SearchBar.swift in Sources */,
				3FE90D622B882A7900FCCF54 /* RegisterBusinessViewModel.swift in Sources */,
				3FD4A42C2B88217C00E92B07 /* BusinessFullContext.swift in Sources */,
				3FD4A4382B88234D00E92B07 /* RegisterAccountView.swift in Sources */,
				3FA46B202BA751740023302F /* EventCardViewModel.swift in Sources */,
				3FD97F652B9A357F00A53464 /* DeleteButton.swift in Sources */,
				3F514F982B70A25B00C1DEE7 /* SessionManager.swift in Sources */,
				C0F297842B4851C40096E053 /* WoofApp.swift in Sources */,
				3FD97F8B2B9E55BD00A53464 /* LocationRequestView.swift in Sources */,
				3FE90D642B88305E00FCCF54 /* RegisterAccountViewModel.swift in Sources */,
				3FE90D602B8829F100FCCF54 /* archive_login.swift in Sources */,
				3FD4A4282B8820C300E92B07 /* EventCard.swift in Sources */,
				3FD4A4262B88208100E92B07 /* LocalEventsView.swift in Sources */,
				3FD4A4322B88225500E92B07 /* RegisterBusinessView.swift in Sources */,
				C034887A2B960B0400D4AD91 /* updateEvent.swift in Sources */,
				3FD4A4342B8822B900E92B07 /* HomeView.swift in Sources */,
				5BDB24852BA0B29700CD5042 /* AddressFinderView.swift in Sources */,
				3FD4A42E2B8821B900E92B07 /* BusinessFullContextViewModel.swift in Sources */,
				3FD97F972B9E568900A53464 /* LocationManager.swift in Sources */,
				3FD97F582B96179B00A53464 /* UpdateAccountViewModel.swift in Sources */,
				3FD97F8E2B9E562800A53464 /* MapView.swift in Sources */,
				3FD4A42A2B88214900E92B07 /* ReviewCard.swift in Sources */,
				3FD97F932B9E566800A53464 /* Geocoding.swift in Sources */,
				3FE90D6C2B8840B600FCCF54 /* LocalEventsViewModel.swift in Sources */,
				3FD4A43C2B8823AC00E92B07 /* BusinessButton.swift in Sources */,
				3FE90D6A2B883F7F00FCCF54 /* ProfileViewModel.swift in Sources */,
			);
			runOnlyForDeploymentPostprocessing = 0;
		};
		C0F2978C2B4851C70096E053 /* Sources */ = {
			isa = PBXSourcesBuildPhase;
			buildActionMask = 2147483647;
			files = (
				C0F297952B4851C70096E053 /* WoofTests.swift in Sources */,
			);
			runOnlyForDeploymentPostprocessing = 0;
		};
		C0F297962B4851C70096E053 /* Sources */ = {
			isa = PBXSourcesBuildPhase;
			buildActionMask = 2147483647;
			files = (
				C0F2979F2B4851C70096E053 /* WoofUITests.swift in Sources */,
				C0F297A12B4851C70096E053 /* WoofUITestsLaunchTests.swift in Sources */,
			);
			runOnlyForDeploymentPostprocessing = 0;
		};
/* End PBXSourcesBuildPhase section */

/* Begin PBXTargetDependency section */
		C0F297922B4851C70096E053 /* PBXTargetDependency */ = {
			isa = PBXTargetDependency;
			target = C0F2977F2B4851C40096E053 /* Woof */;
			targetProxy = C0F297912B4851C70096E053 /* PBXContainerItemProxy */;
		};
		C0F2979C2B4851C70096E053 /* PBXTargetDependency */ = {
			isa = PBXTargetDependency;
			target = C0F2977F2B4851C40096E053 /* Woof */;
			targetProxy = C0F2979B2B4851C70096E053 /* PBXContainerItemProxy */;
		};
/* End PBXTargetDependency section */

/* Begin XCBuildConfiguration section */
		C0F297A22B4851C70096E053 /* Debug */ = {
			isa = XCBuildConfiguration;
			buildSettings = {
				ALWAYS_SEARCH_USER_PATHS = NO;
				ASSETCATALOG_COMPILER_GENERATE_SWIFT_ASSET_SYMBOL_EXTENSIONS = YES;
				CLANG_ANALYZER_NONNULL = YES;
				CLANG_ANALYZER_NUMBER_OBJECT_CONVERSION = YES_AGGRESSIVE;
				CLANG_CXX_LANGUAGE_STANDARD = "gnu++20";
				CLANG_ENABLE_MODULES = YES;
				CLANG_ENABLE_OBJC_ARC = YES;
				CLANG_ENABLE_OBJC_WEAK = YES;
				CLANG_WARN_BLOCK_CAPTURE_AUTORELEASING = YES;
				CLANG_WARN_BOOL_CONVERSION = YES;
				CLANG_WARN_COMMA = YES;
				CLANG_WARN_CONSTANT_CONVERSION = YES;
				CLANG_WARN_DEPRECATED_OBJC_IMPLEMENTATIONS = YES;
				CLANG_WARN_DIRECT_OBJC_ISA_USAGE = YES_ERROR;
				CLANG_WARN_DOCUMENTATION_COMMENTS = YES;
				CLANG_WARN_EMPTY_BODY = YES;
				CLANG_WARN_ENUM_CONVERSION = YES;
				CLANG_WARN_INFINITE_RECURSION = YES;
				CLANG_WARN_INT_CONVERSION = YES;
				CLANG_WARN_NON_LITERAL_NULL_CONVERSION = YES;
				CLANG_WARN_OBJC_IMPLICIT_RETAIN_SELF = YES;
				CLANG_WARN_OBJC_LITERAL_CONVERSION = YES;
				CLANG_WARN_OBJC_ROOT_CLASS = YES_ERROR;
				CLANG_WARN_QUOTED_INCLUDE_IN_FRAMEWORK_HEADER = YES;
				CLANG_WARN_RANGE_LOOP_ANALYSIS = YES;
				CLANG_WARN_STRICT_PROTOTYPES = YES;
				CLANG_WARN_SUSPICIOUS_MOVE = YES;
				CLANG_WARN_UNGUARDED_AVAILABILITY = YES_AGGRESSIVE;
				CLANG_WARN_UNREACHABLE_CODE = YES;
				CLANG_WARN__DUPLICATE_METHOD_MATCH = YES;
				COPY_PHASE_STRIP = NO;
				DEBUG_INFORMATION_FORMAT = dwarf;
				ENABLE_STRICT_OBJC_MSGSEND = YES;
				ENABLE_TESTABILITY = YES;
				ENABLE_USER_SCRIPT_SANDBOXING = YES;
				GCC_C_LANGUAGE_STANDARD = gnu17;
				GCC_DYNAMIC_NO_PIC = NO;
				GCC_NO_COMMON_BLOCKS = YES;
				GCC_OPTIMIZATION_LEVEL = 0;
				GCC_PREPROCESSOR_DEFINITIONS = (
					"DEBUG=1",
					"$(inherited)",
				);
				GCC_WARN_64_TO_32_BIT_CONVERSION = YES;
				GCC_WARN_ABOUT_RETURN_TYPE = YES_ERROR;
				GCC_WARN_UNDECLARED_SELECTOR = YES;
				GCC_WARN_UNINITIALIZED_AUTOS = YES_AGGRESSIVE;
				GCC_WARN_UNUSED_FUNCTION = YES;
				GCC_WARN_UNUSED_VARIABLE = YES;
				IPHONEOS_DEPLOYMENT_TARGET = 17.2;
				LOCALIZATION_PREFERS_STRING_CATALOGS = YES;
				MTL_ENABLE_DEBUG_INFO = INCLUDE_SOURCE;
				MTL_FAST_MATH = YES;
				ONLY_ACTIVE_ARCH = YES;
				SDKROOT = iphoneos;
				SWIFT_ACTIVE_COMPILATION_CONDITIONS = "DEBUG $(inherited)";
				SWIFT_OPTIMIZATION_LEVEL = "-Onone";
			};
			name = Debug;
		};
		C0F297A32B4851C70096E053 /* Release */ = {
			isa = XCBuildConfiguration;
			buildSettings = {
				ALWAYS_SEARCH_USER_PATHS = NO;
				ASSETCATALOG_COMPILER_GENERATE_SWIFT_ASSET_SYMBOL_EXTENSIONS = YES;
				CLANG_ANALYZER_NONNULL = YES;
				CLANG_ANALYZER_NUMBER_OBJECT_CONVERSION = YES_AGGRESSIVE;
				CLANG_CXX_LANGUAGE_STANDARD = "gnu++20";
				CLANG_ENABLE_MODULES = YES;
				CLANG_ENABLE_OBJC_ARC = YES;
				CLANG_ENABLE_OBJC_WEAK = YES;
				CLANG_WARN_BLOCK_CAPTURE_AUTORELEASING = YES;
				CLANG_WARN_BOOL_CONVERSION = YES;
				CLANG_WARN_COMMA = YES;
				CLANG_WARN_CONSTANT_CONVERSION = YES;
				CLANG_WARN_DEPRECATED_OBJC_IMPLEMENTATIONS = YES;
				CLANG_WARN_DIRECT_OBJC_ISA_USAGE = YES_ERROR;
				CLANG_WARN_DOCUMENTATION_COMMENTS = YES;
				CLANG_WARN_EMPTY_BODY = YES;
				CLANG_WARN_ENUM_CONVERSION = YES;
				CLANG_WARN_INFINITE_RECURSION = YES;
				CLANG_WARN_INT_CONVERSION = YES;
				CLANG_WARN_NON_LITERAL_NULL_CONVERSION = YES;
				CLANG_WARN_OBJC_IMPLICIT_RETAIN_SELF = YES;
				CLANG_WARN_OBJC_LITERAL_CONVERSION = YES;
				CLANG_WARN_OBJC_ROOT_CLASS = YES_ERROR;
				CLANG_WARN_QUOTED_INCLUDE_IN_FRAMEWORK_HEADER = YES;
				CLANG_WARN_RANGE_LOOP_ANALYSIS = YES;
				CLANG_WARN_STRICT_PROTOTYPES = YES;
				CLANG_WARN_SUSPICIOUS_MOVE = YES;
				CLANG_WARN_UNGUARDED_AVAILABILITY = YES_AGGRESSIVE;
				CLANG_WARN_UNREACHABLE_CODE = YES;
				CLANG_WARN__DUPLICATE_METHOD_MATCH = YES;
				COPY_PHASE_STRIP = NO;
				DEBUG_INFORMATION_FORMAT = "dwarf-with-dsym";
				ENABLE_NS_ASSERTIONS = NO;
				ENABLE_STRICT_OBJC_MSGSEND = YES;
				ENABLE_USER_SCRIPT_SANDBOXING = YES;
				GCC_C_LANGUAGE_STANDARD = gnu17;
				GCC_NO_COMMON_BLOCKS = YES;
				GCC_WARN_64_TO_32_BIT_CONVERSION = YES;
				GCC_WARN_ABOUT_RETURN_TYPE = YES_ERROR;
				GCC_WARN_UNDECLARED_SELECTOR = YES;
				GCC_WARN_UNINITIALIZED_AUTOS = YES_AGGRESSIVE;
				GCC_WARN_UNUSED_FUNCTION = YES;
				GCC_WARN_UNUSED_VARIABLE = YES;
				IPHONEOS_DEPLOYMENT_TARGET = 17.2;
				LOCALIZATION_PREFERS_STRING_CATALOGS = YES;
				MTL_ENABLE_DEBUG_INFO = NO;
				MTL_FAST_MATH = YES;
				SDKROOT = iphoneos;
				SWIFT_COMPILATION_MODE = wholemodule;
				VALIDATE_PRODUCT = YES;
			};
			name = Release;
		};
		C0F297A52B4851C70096E053 /* Debug */ = {
			isa = XCBuildConfiguration;
			buildSettings = {
				ASSETCATALOG_COMPILER_APPICON_NAME = AppIcon;
				ASSETCATALOG_COMPILER_GLOBAL_ACCENT_COLOR_NAME = AccentColor;
				CODE_SIGN_STYLE = Automatic;
				CURRENT_PROJECT_VERSION = 1;
				DEVELOPMENT_ASSET_PATHS = "\"Woof/Preview Content\"";
				ENABLE_PREVIEWS = YES;
				GENERATE_INFOPLIST_FILE = YES;
				INFOPLIST_FILE = Woof/Info.plist;
				INFOPLIST_KEY_NSLocationWhenInUseUsageDescription = "Please allow access to your location.";
				INFOPLIST_KEY_UIApplicationSceneManifest_Generation = YES;
				INFOPLIST_KEY_UIApplicationSupportsIndirectInputEvents = YES;
				INFOPLIST_KEY_UILaunchScreen_Generation = YES;
				INFOPLIST_KEY_UISupportedInterfaceOrientations_iPad = "UIInterfaceOrientationPortrait UIInterfaceOrientationPortraitUpsideDown UIInterfaceOrientationLandscapeLeft UIInterfaceOrientationLandscapeRight";
				INFOPLIST_KEY_UISupportedInterfaceOrientations_iPhone = "UIInterfaceOrientationPortrait UIInterfaceOrientationLandscapeLeft UIInterfaceOrientationLandscapeRight";
				LD_RUNPATH_SEARCH_PATHS = (
					"$(inherited)",
					"@executable_path/Frameworks",
				);
				MARKETING_VERSION = 1.0;
				PRODUCT_BUNDLE_IDENTIFIER = i.Woof;
				PRODUCT_NAME = "$(TARGET_NAME)";
				SWIFT_EMIT_LOC_STRINGS = YES;
				SWIFT_VERSION = 5.0;
				TARGETED_DEVICE_FAMILY = "1,2";
			};
			name = Debug;
		};
		C0F297A62B4851C70096E053 /* Release */ = {
			isa = XCBuildConfiguration;
			buildSettings = {
				ASSETCATALOG_COMPILER_APPICON_NAME = AppIcon;
				ASSETCATALOG_COMPILER_GLOBAL_ACCENT_COLOR_NAME = AccentColor;
				CODE_SIGN_STYLE = Automatic;
				CURRENT_PROJECT_VERSION = 1;
				DEVELOPMENT_ASSET_PATHS = "\"Woof/Preview Content\"";
				ENABLE_PREVIEWS = YES;
				GENERATE_INFOPLIST_FILE = YES;
				INFOPLIST_FILE = Woof/Info.plist;
				INFOPLIST_KEY_NSLocationWhenInUseUsageDescription = "Please allow access to your location.";
				INFOPLIST_KEY_UIApplicationSceneManifest_Generation = YES;
				INFOPLIST_KEY_UIApplicationSupportsIndirectInputEvents = YES;
				INFOPLIST_KEY_UILaunchScreen_Generation = YES;
				INFOPLIST_KEY_UISupportedInterfaceOrientations_iPad = "UIInterfaceOrientationPortrait UIInterfaceOrientationPortraitUpsideDown UIInterfaceOrientationLandscapeLeft UIInterfaceOrientationLandscapeRight";
				INFOPLIST_KEY_UISupportedInterfaceOrientations_iPhone = "UIInterfaceOrientationPortrait UIInterfaceOrientationLandscapeLeft UIInterfaceOrientationLandscapeRight";
				LD_RUNPATH_SEARCH_PATHS = (
					"$(inherited)",
					"@executable_path/Frameworks",
				);
				MARKETING_VERSION = 1.0;
				PRODUCT_BUNDLE_IDENTIFIER = i.Woof;
				PRODUCT_NAME = "$(TARGET_NAME)";
				SWIFT_EMIT_LOC_STRINGS = YES;
				SWIFT_VERSION = 5.0;
				TARGETED_DEVICE_FAMILY = "1,2";
			};
			name = Release;
		};
		C0F297A82B4851C80096E053 /* Debug */ = {
			isa = XCBuildConfiguration;
			buildSettings = {
				ALWAYS_EMBED_SWIFT_STANDARD_LIBRARIES = YES;
				BUNDLE_LOADER = "$(TEST_HOST)";
				CODE_SIGN_STYLE = Automatic;
				CURRENT_PROJECT_VERSION = 1;
				GENERATE_INFOPLIST_FILE = YES;
				IPHONEOS_DEPLOYMENT_TARGET = 17.2;
				MARKETING_VERSION = 1.0;
				PRODUCT_BUNDLE_IDENTIFIER = i.WoofTests;
				PRODUCT_NAME = "$(TARGET_NAME)";
				SWIFT_EMIT_LOC_STRINGS = NO;
				SWIFT_VERSION = 5.0;
				TARGETED_DEVICE_FAMILY = "1,2";
				TEST_HOST = "$(BUILT_PRODUCTS_DIR)/Woof.app/$(BUNDLE_EXECUTABLE_FOLDER_PATH)/Woof";
			};
			name = Debug;
		};
		C0F297A92B4851C80096E053 /* Release */ = {
			isa = XCBuildConfiguration;
			buildSettings = {
				ALWAYS_EMBED_SWIFT_STANDARD_LIBRARIES = YES;
				BUNDLE_LOADER = "$(TEST_HOST)";
				CODE_SIGN_STYLE = Automatic;
				CURRENT_PROJECT_VERSION = 1;
				GENERATE_INFOPLIST_FILE = YES;
				IPHONEOS_DEPLOYMENT_TARGET = 17.2;
				MARKETING_VERSION = 1.0;
				PRODUCT_BUNDLE_IDENTIFIER = i.WoofTests;
				PRODUCT_NAME = "$(TARGET_NAME)";
				SWIFT_EMIT_LOC_STRINGS = NO;
				SWIFT_VERSION = 5.0;
				TARGETED_DEVICE_FAMILY = "1,2";
				TEST_HOST = "$(BUILT_PRODUCTS_DIR)/Woof.app/$(BUNDLE_EXECUTABLE_FOLDER_PATH)/Woof";
			};
			name = Release;
		};
		C0F297AB2B4851C80096E053 /* Debug */ = {
			isa = XCBuildConfiguration;
			buildSettings = {
				ALWAYS_EMBED_SWIFT_STANDARD_LIBRARIES = YES;
				CODE_SIGN_STYLE = Automatic;
				CURRENT_PROJECT_VERSION = 1;
				GENERATE_INFOPLIST_FILE = YES;
				MARKETING_VERSION = 1.0;
				PRODUCT_BUNDLE_IDENTIFIER = i.WoofUITests;
				PRODUCT_NAME = "$(TARGET_NAME)";
				SWIFT_EMIT_LOC_STRINGS = NO;
				SWIFT_VERSION = 5.0;
				TARGETED_DEVICE_FAMILY = "1,2";
				TEST_TARGET_NAME = Woof;
			};
			name = Debug;
		};
		C0F297AC2B4851C80096E053 /* Release */ = {
			isa = XCBuildConfiguration;
			buildSettings = {
				ALWAYS_EMBED_SWIFT_STANDARD_LIBRARIES = YES;
				CODE_SIGN_STYLE = Automatic;
				CURRENT_PROJECT_VERSION = 1;
				GENERATE_INFOPLIST_FILE = YES;
				MARKETING_VERSION = 1.0;
				PRODUCT_BUNDLE_IDENTIFIER = i.WoofUITests;
				PRODUCT_NAME = "$(TARGET_NAME)";
				SWIFT_EMIT_LOC_STRINGS = NO;
				SWIFT_VERSION = 5.0;
				TARGETED_DEVICE_FAMILY = "1,2";
				TEST_TARGET_NAME = Woof;
			};
			name = Release;
		};
/* End XCBuildConfiguration section */

/* Begin XCConfigurationList section */
		C0F2977B2B4851C40096E053 /* Build configuration list for PBXProject "Woof" */ = {
			isa = XCConfigurationList;
			buildConfigurations = (
				C0F297A22B4851C70096E053 /* Debug */,
				C0F297A32B4851C70096E053 /* Release */,
			);
			defaultConfigurationIsVisible = 0;
			defaultConfigurationName = Release;
		};
		C0F297A42B4851C70096E053 /* Build configuration list for PBXNativeTarget "Woof" */ = {
			isa = XCConfigurationList;
			buildConfigurations = (
				C0F297A52B4851C70096E053 /* Debug */,
				C0F297A62B4851C70096E053 /* Release */,
			);
			defaultConfigurationIsVisible = 0;
			defaultConfigurationName = Release;
		};
		C0F297A72B4851C80096E053 /* Build configuration list for PBXNativeTarget "WoofTests" */ = {
			isa = XCConfigurationList;
			buildConfigurations = (
				C0F297A82B4851C80096E053 /* Debug */,
				C0F297A92B4851C80096E053 /* Release */,
			);
			defaultConfigurationIsVisible = 0;
			defaultConfigurationName = Release;
		};
		C0F297AA2B4851C80096E053 /* Build configuration list for PBXNativeTarget "WoofUITests" */ = {
			isa = XCConfigurationList;
			buildConfigurations = (
				C0F297AB2B4851C80096E053 /* Debug */,
				C0F297AC2B4851C80096E053 /* Release */,
			);
			defaultConfigurationIsVisible = 0;
			defaultConfigurationName = Release;
		};
/* End XCConfigurationList section */
	};
	rootObject = C0F297782B4851C40096E053 /* Project object */;
}
