// !$*UTF8*$!
{
	archiveVersion = 1;
	classes = {
	};
	objectVersion = 56;
	objects = {

/* Begin PBXBuildFile section */
		5B009E482B8AE06700CCF3A1 /* AddressFinderView.swift in Sources */ = {isa = PBXBuildFile; fileRef = 5B009E472B8AE06700CCF3A1 /* AddressFinderView.swift */; };
		5B2940392B84F390006FC615 /* MapboxMaps in Frameworks */ = {isa = PBXBuildFile; productRef = 5B2940382B84F390006FC615 /* MapboxMaps */; };
		5B2940402B8A9493006FC615 /* Geocoding.swift in Sources */ = {isa = PBXBuildFile; fileRef = 5B29403F2B8A9493006FC615 /* Geocoding.swift */; };
		5B4437222B830F650076C1E3 /* LocationRequestApp.swift in Sources */ = {isa = PBXBuildFile; fileRef = 5B4437212B830F650076C1E3 /* LocationRequestApp.swift */; };
		5B4437262B830F690076C1E3 /* Assets.xcassets in Resources */ = {isa = PBXBuildFile; fileRef = 5B4437252B830F690076C1E3 /* Assets.xcassets */; };
		5B4437292B830F690076C1E3 /* Preview Assets.xcassets in Resources */ = {isa = PBXBuildFile; fileRef = 5B4437282B830F690076C1E3 /* Preview Assets.xcassets */; };
		5B4437332B830F6A0076C1E3 /* LocationRequestTests.swift in Sources */ = {isa = PBXBuildFile; fileRef = 5B4437322B830F6A0076C1E3 /* LocationRequestTests.swift */; };
		5B44373D2B830F6A0076C1E3 /* LocationRequestUITests.swift in Sources */ = {isa = PBXBuildFile; fileRef = 5B44373C2B830F6A0076C1E3 /* LocationRequestUITests.swift */; };
		5B44373F2B830F6A0076C1E3 /* LocationRequestUITestsLaunchTests.swift in Sources */ = {isa = PBXBuildFile; fileRef = 5B44373E2B830F6A0076C1E3 /* LocationRequestUITestsLaunchTests.swift */; };
		5B4437542B8310630076C1E3 /* LocationRequestView.swift in Sources */ = {isa = PBXBuildFile; fileRef = 5B4437532B8310630076C1E3 /* LocationRequestView.swift */; };
		5B4437562B8310700076C1E3 /* LocationManager.swift in Sources */ = {isa = PBXBuildFile; fileRef = 5B4437552B8310700076C1E3 /* LocationManager.swift */; };
		5B55A9A62B8AA0D200551FFB /* ContentView.swift in Sources */ = {isa = PBXBuildFile; fileRef = 5B55A9A52B8AA0D200551FFB /* ContentView.swift */; };
		5B8FFFC72B8AA80600FDF199 /* AddressFinder.swift in Sources */ = {isa = PBXBuildFile; fileRef = 5B8FFFC62B8AA80600FDF199 /* AddressFinder.swift */; };
/* End PBXBuildFile section */

/* Begin PBXContainerItemProxy section */
		5B44372F2B830F6A0076C1E3 /* PBXContainerItemProxy */ = {
			isa = PBXContainerItemProxy;
			containerPortal = 5B4437162B830F650076C1E3 /* Project object */;
			proxyType = 1;
			remoteGlobalIDString = 5B44371D2B830F650076C1E3;
			remoteInfo = LocationRequest;
		};
		5B4437392B830F6A0076C1E3 /* PBXContainerItemProxy */ = {
			isa = PBXContainerItemProxy;
			containerPortal = 5B4437162B830F650076C1E3 /* Project object */;
			proxyType = 1;
			remoteGlobalIDString = 5B44371D2B830F650076C1E3;
			remoteInfo = LocationRequest;
		};
/* End PBXContainerItemProxy section */

/* Begin PBXFileReference section */
		5B009E472B8AE06700CCF3A1 /* AddressFinderView.swift */ = {isa = PBXFileReference; lastKnownFileType = sourcecode.swift; path = AddressFinderView.swift; sourceTree = "<group>"; };
		5B29403A2B84F3B6006FC615 /* Info.plist */ = {isa = PBXFileReference; lastKnownFileType = text.plist; path = Info.plist; sourceTree = "<group>"; };
		5B29403F2B8A9493006FC615 /* Geocoding.swift */ = {isa = PBXFileReference; lastKnownFileType = sourcecode.swift; path = Geocoding.swift; sourceTree = "<group>"; };
		5B44371E2B830F650076C1E3 /* LocationRequest.app */ = {isa = PBXFileReference; explicitFileType = wrapper.application; includeInIndex = 0; path = LocationRequest.app; sourceTree = BUILT_PRODUCTS_DIR; };
		5B4437212B830F650076C1E3 /* LocationRequestApp.swift */ = {isa = PBXFileReference; lastKnownFileType = sourcecode.swift; path = LocationRequestApp.swift; sourceTree = "<group>"; };
		5B4437252B830F690076C1E3 /* Assets.xcassets */ = {isa = PBXFileReference; lastKnownFileType = folder.assetcatalog; path = Assets.xcassets; sourceTree = "<group>"; };
		5B4437282B830F690076C1E3 /* Preview Assets.xcassets */ = {isa = PBXFileReference; lastKnownFileType = folder.assetcatalog; path = "Preview Assets.xcassets"; sourceTree = "<group>"; };
		5B44372E2B830F6A0076C1E3 /* LocationRequestTests.xctest */ = {isa = PBXFileReference; explicitFileType = wrapper.cfbundle; includeInIndex = 0; path = LocationRequestTests.xctest; sourceTree = BUILT_PRODUCTS_DIR; };
		5B4437322B830F6A0076C1E3 /* LocationRequestTests.swift */ = {isa = PBXFileReference; lastKnownFileType = sourcecode.swift; path = LocationRequestTests.swift; sourceTree = "<group>"; };
		5B4437382B830F6A0076C1E3 /* LocationRequestUITests.xctest */ = {isa = PBXFileReference; explicitFileType = wrapper.cfbundle; includeInIndex = 0; path = LocationRequestUITests.xctest; sourceTree = BUILT_PRODUCTS_DIR; };
		5B44373C2B830F6A0076C1E3 /* LocationRequestUITests.swift */ = {isa = PBXFileReference; lastKnownFileType = sourcecode.swift; path = LocationRequestUITests.swift; sourceTree = "<group>"; };
		5B44373E2B830F6A0076C1E3 /* LocationRequestUITestsLaunchTests.swift */ = {isa = PBXFileReference; lastKnownFileType = sourcecode.swift; path = LocationRequestUITestsLaunchTests.swift; sourceTree = "<group>"; };
		5B4437532B8310630076C1E3 /* LocationRequestView.swift */ = {isa = PBXFileReference; lastKnownFileType = sourcecode.swift; path = LocationRequestView.swift; sourceTree = "<group>"; };
		5B4437552B8310700076C1E3 /* LocationManager.swift */ = {isa = PBXFileReference; lastKnownFileType = sourcecode.swift; path = LocationManager.swift; sourceTree = "<group>"; };
		5B55A9A52B8AA0D200551FFB /* ContentView.swift */ = {isa = PBXFileReference; lastKnownFileType = sourcecode.swift; path = ContentView.swift; sourceTree = "<group>"; };
		5B8FFFC62B8AA80600FDF199 /* AddressFinder.swift */ = {isa = PBXFileReference; lastKnownFileType = sourcecode.swift; path = AddressFinder.swift; sourceTree = "<group>"; };
/* End PBXFileReference section */

/* Begin PBXFrameworksBuildPhase section */
		5B44371B2B830F650076C1E3 /* Frameworks */ = {
			isa = PBXFrameworksBuildPhase;
			buildActionMask = 2147483647;
			files = (
				5B2940392B84F390006FC615 /* MapboxMaps in Frameworks */,
			);
			runOnlyForDeploymentPostprocessing = 0;
		};
		5B44372B2B830F6A0076C1E3 /* Frameworks */ = {
			isa = PBXFrameworksBuildPhase;
			buildActionMask = 2147483647;
			files = (
			);
			runOnlyForDeploymentPostprocessing = 0;
		};
		5B4437352B830F6A0076C1E3 /* Frameworks */ = {
			isa = PBXFrameworksBuildPhase;
			buildActionMask = 2147483647;
			files = (
			);
			runOnlyForDeploymentPostprocessing = 0;
		};
/* End PBXFrameworksBuildPhase section */

/* Begin PBXGroup section */
		5B4437152B830F650076C1E3 = {
			isa = PBXGroup;
			children = (
				5B4437202B830F650076C1E3 /* LocationRequest */,
				5B4437312B830F6A0076C1E3 /* LocationRequestTests */,
				5B44373B2B830F6A0076C1E3 /* LocationRequestUITests */,
				5B44371F2B830F650076C1E3 /* Products */,
			);
			sourceTree = "<group>";
		};
		5B44371F2B830F650076C1E3 /* Products */ = {
			isa = PBXGroup;
			children = (
				5B44371E2B830F650076C1E3 /* LocationRequest.app */,
				5B44372E2B830F6A0076C1E3 /* LocationRequestTests.xctest */,
				5B4437382B830F6A0076C1E3 /* LocationRequestUITests.xctest */,
			);
			name = Products;
			sourceTree = "<group>";
		};
		5B4437202B830F650076C1E3 /* LocationRequest */ = {
			isa = PBXGroup;
			children = (
				5B29403A2B84F3B6006FC615 /* Info.plist */,
				5B4437212B830F650076C1E3 /* LocationRequestApp.swift */,
				5B29403F2B8A9493006FC615 /* Geocoding.swift */,
				5B009E472B8AE06700CCF3A1 /* AddressFinderView.swift */,
				5B55A9A52B8AA0D200551FFB /* ContentView.swift */,
				5B4437252B830F690076C1E3 /* Assets.xcassets */,
				5B4437272B830F690076C1E3 /* Preview Content */,
			);
			path = LocationRequest;
			sourceTree = "<group>";
		};
		5B4437272B830F690076C1E3 /* Preview Content */ = {
			isa = PBXGroup;
			children = (
				5B8FFFC62B8AA80600FDF199 /* AddressFinder.swift */,
				5B4437552B8310700076C1E3 /* LocationManager.swift */,
				5B4437532B8310630076C1E3 /* LocationRequestView.swift */,
				5B4437282B830F690076C1E3 /* Preview Assets.xcassets */,
			);
			path = "Preview Content";
			sourceTree = "<group>";
		};
		5B4437312B830F6A0076C1E3 /* LocationRequestTests */ = {
			isa = PBXGroup;
			children = (
				5B4437322B830F6A0076C1E3 /* LocationRequestTests.swift */,
			);
			path = LocationRequestTests;
			sourceTree = "<group>";
		};
		5B44373B2B830F6A0076C1E3 /* LocationRequestUITests */ = {
			isa = PBXGroup;
			children = (
				5B44373C2B830F6A0076C1E3 /* LocationRequestUITests.swift */,
				5B44373E2B830F6A0076C1E3 /* LocationRequestUITestsLaunchTests.swift */,
			);
			path = LocationRequestUITests;
			sourceTree = "<group>";
		};
/* End PBXGroup section */

/* Begin PBXNativeTarget section */
		5B44371D2B830F650076C1E3 /* LocationRequest */ = {
			isa = PBXNativeTarget;
			buildConfigurationList = 5B4437422B830F6A0076C1E3 /* Build configuration list for PBXNativeTarget "LocationRequest" */;
			buildPhases = (
				5B44371A2B830F650076C1E3 /* Sources */,
				5B44371B2B830F650076C1E3 /* Frameworks */,
				5B44371C2B830F650076C1E3 /* Resources */,
			);
			buildRules = (
			);
			dependencies = (
			);
			name = LocationRequest;
			packageProductDependencies = (
				5B2940382B84F390006FC615 /* MapboxMaps */,
			);
			productName = LocationRequest;
			productReference = 5B44371E2B830F650076C1E3 /* LocationRequest.app */;
			productType = "com.apple.product-type.application";
		};
		5B44372D2B830F6A0076C1E3 /* LocationRequestTests */ = {
			isa = PBXNativeTarget;
			buildConfigurationList = 5B4437452B830F6A0076C1E3 /* Build configuration list for PBXNativeTarget "LocationRequestTests" */;
			buildPhases = (
				5B44372A2B830F6A0076C1E3 /* Sources */,
				5B44372B2B830F6A0076C1E3 /* Frameworks */,
				5B44372C2B830F6A0076C1E3 /* Resources */,
			);
			buildRules = (
			);
			dependencies = (
				5B4437302B830F6A0076C1E3 /* PBXTargetDependency */,
			);
			name = LocationRequestTests;
			productName = LocationRequestTests;
			productReference = 5B44372E2B830F6A0076C1E3 /* LocationRequestTests.xctest */;
			productType = "com.apple.product-type.bundle.unit-test";
		};
		5B4437372B830F6A0076C1E3 /* LocationRequestUITests */ = {
			isa = PBXNativeTarget;
			buildConfigurationList = 5B4437482B830F6A0076C1E3 /* Build configuration list for PBXNativeTarget "LocationRequestUITests" */;
			buildPhases = (
				5B4437342B830F6A0076C1E3 /* Sources */,
				5B4437352B830F6A0076C1E3 /* Frameworks */,
				5B4437362B830F6A0076C1E3 /* Resources */,
			);
			buildRules = (
			);
			dependencies = (
				5B44373A2B830F6A0076C1E3 /* PBXTargetDependency */,
			);
			name = LocationRequestUITests;
			productName = LocationRequestUITests;
			productReference = 5B4437382B830F6A0076C1E3 /* LocationRequestUITests.xctest */;
			productType = "com.apple.product-type.bundle.ui-testing";
		};
/* End PBXNativeTarget section */

/* Begin PBXProject section */
		5B4437162B830F650076C1E3 /* Project object */ = {
			isa = PBXProject;
			attributes = {
				BuildIndependentTargetsInParallel = 1;
				LastSwiftUpdateCheck = 1520;
				LastUpgradeCheck = 1520;
				TargetAttributes = {
					5B44371D2B830F650076C1E3 = {
						CreatedOnToolsVersion = 15.2;
					};
					5B44372D2B830F6A0076C1E3 = {
						CreatedOnToolsVersion = 15.2;
						TestTargetID = 5B44371D2B830F650076C1E3;
					};
					5B4437372B830F6A0076C1E3 = {
						CreatedOnToolsVersion = 15.2;
						TestTargetID = 5B44371D2B830F650076C1E3;
					};
				};
			};
			buildConfigurationList = 5B4437192B830F650076C1E3 /* Build configuration list for PBXProject "LocationRequest" */;
			compatibilityVersion = "Xcode 14.0";
			developmentRegion = en;
			hasScannedForEncodings = 0;
			knownRegions = (
				en,
				Base,
			);
			mainGroup = 5B4437152B830F650076C1E3;
			packageReferences = (
				5B2940372B84F390006FC615 /* XCRemoteSwiftPackageReference "mapbox-maps-ios" */,
			);
			productRefGroup = 5B44371F2B830F650076C1E3 /* Products */;
			projectDirPath = "";
			projectRoot = "";
			targets = (
				5B44371D2B830F650076C1E3 /* LocationRequest */,
				5B44372D2B830F6A0076C1E3 /* LocationRequestTests */,
				5B4437372B830F6A0076C1E3 /* LocationRequestUITests */,
			);
		};
/* End PBXProject section */

/* Begin PBXResourcesBuildPhase section */
		5B44371C2B830F650076C1E3 /* Resources */ = {
			isa = PBXResourcesBuildPhase;
			buildActionMask = 2147483647;
			files = (
				5B4437292B830F690076C1E3 /* Preview Assets.xcassets in Resources */,
				5B4437262B830F690076C1E3 /* Assets.xcassets in Resources */,
			);
			runOnlyForDeploymentPostprocessing = 0;
		};
		5B44372C2B830F6A0076C1E3 /* Resources */ = {
			isa = PBXResourcesBuildPhase;
			buildActionMask = 2147483647;
			files = (
			);
			runOnlyForDeploymentPostprocessing = 0;
		};
		5B4437362B830F6A0076C1E3 /* Resources */ = {
			isa = PBXResourcesBuildPhase;
			buildActionMask = 2147483647;
			files = (
			);
			runOnlyForDeploymentPostprocessing = 0;
		};
/* End PBXResourcesBuildPhase section */

/* Begin PBXSourcesBuildPhase section */
		5B44371A2B830F650076C1E3 /* Sources */ = {
			isa = PBXSourcesBuildPhase;
			buildActionMask = 2147483647;
			files = (
				5B2940402B8A9493006FC615 /* Geocoding.swift in Sources */,
				5B55A9A62B8AA0D200551FFB /* ContentView.swift in Sources */,
				5B009E482B8AE06700CCF3A1 /* AddressFinderView.swift in Sources */,
				5B4437562B8310700076C1E3 /* LocationManager.swift in Sources */,
				5B4437222B830F650076C1E3 /* LocationRequestApp.swift in Sources */,
				5B8FFFC72B8AA80600FDF199 /* AddressFinder.swift in Sources */,
				5B4437542B8310630076C1E3 /* LocationRequestView.swift in Sources */,
			);
			runOnlyForDeploymentPostprocessing = 0;
		};
		5B44372A2B830F6A0076C1E3 /* Sources */ = {
			isa = PBXSourcesBuildPhase;
			buildActionMask = 2147483647;
			files = (
				5B4437332B830F6A0076C1E3 /* LocationRequestTests.swift in Sources */,
			);
			runOnlyForDeploymentPostprocessing = 0;
		};
		5B4437342B830F6A0076C1E3 /* Sources */ = {
			isa = PBXSourcesBuildPhase;
			buildActionMask = 2147483647;
			files = (
				5B44373D2B830F6A0076C1E3 /* LocationRequestUITests.swift in Sources */,
				5B44373F2B830F6A0076C1E3 /* LocationRequestUITestsLaunchTests.swift in Sources */,
			);
			runOnlyForDeploymentPostprocessing = 0;
		};
/* End PBXSourcesBuildPhase section */

/* Begin PBXTargetDependency section */
		5B4437302B830F6A0076C1E3 /* PBXTargetDependency */ = {
			isa = PBXTargetDependency;
			target = 5B44371D2B830F650076C1E3 /* LocationRequest */;
			targetProxy = 5B44372F2B830F6A0076C1E3 /* PBXContainerItemProxy */;
		};
		5B44373A2B830F6A0076C1E3 /* PBXTargetDependency */ = {
			isa = PBXTargetDependency;
			target = 5B44371D2B830F650076C1E3 /* LocationRequest */;
			targetProxy = 5B4437392B830F6A0076C1E3 /* PBXContainerItemProxy */;
		};
/* End PBXTargetDependency section */

/* Begin XCBuildConfiguration section */
		5B4437402B830F6A0076C1E3 /* Debug */ = {
			isa = XCBuildConfiguration;
			buildSettings = {
				ALWAYS_SEARCH_USER_PATHS = NO;
				ASSETCATALOG_COMPILER_GENERATE_SWIFT_ASSET_SYMBOL_EXTENSIONS = YES;
				CLANG_ANALYZER_NONNULL = YES;
				CLANG_ANALYZER_NUMBER_OBJECT_CONVERSION = YES_AGGRESSIVE;
				CLANG_CXX_LANGUAGE_STANDARD = "gnu++20";
				CLANG_ENABLE_MODULES = YES;
				CLANG_ENABLE_OBJC_ARC = YES;
				CLANG_ENABLE_OBJC_WEAK = YES;
				CLANG_WARN_BLOCK_CAPTURE_AUTORELEASING = YES;
				CLANG_WARN_BOOL_CONVERSION = YES;
				CLANG_WARN_COMMA = YES;
				CLANG_WARN_CONSTANT_CONVERSION = YES;
				CLANG_WARN_DEPRECATED_OBJC_IMPLEMENTATIONS = YES;
				CLANG_WARN_DIRECT_OBJC_ISA_USAGE = YES_ERROR;
				CLANG_WARN_DOCUMENTATION_COMMENTS = YES;
				CLANG_WARN_EMPTY_BODY = YES;
				CLANG_WARN_ENUM_CONVERSION = YES;
				CLANG_WARN_INFINITE_RECURSION = YES;
				CLANG_WARN_INT_CONVERSION = YES;
				CLANG_WARN_NON_LITERAL_NULL_CONVERSION = YES;
				CLANG_WARN_OBJC_IMPLICIT_RETAIN_SELF = YES;
				CLANG_WARN_OBJC_LITERAL_CONVERSION = YES;
				CLANG_WARN_OBJC_ROOT_CLASS = YES_ERROR;
				CLANG_WARN_QUOTED_INCLUDE_IN_FRAMEWORK_HEADER = YES;
				CLANG_WARN_RANGE_LOOP_ANALYSIS = YES;
				CLANG_WARN_STRICT_PROTOTYPES = YES;
				CLANG_WARN_SUSPICIOUS_MOVE = YES;
				CLANG_WARN_UNGUARDED_AVAILABILITY = YES_AGGRESSIVE;
				CLANG_WARN_UNREACHABLE_CODE = YES;
				CLANG_WARN__DUPLICATE_METHOD_MATCH = YES;
				COPY_PHASE_STRIP = NO;
				DEBUG_INFORMATION_FORMAT = dwarf;
				ENABLE_STRICT_OBJC_MSGSEND = YES;
				ENABLE_TESTABILITY = YES;
				ENABLE_USER_SCRIPT_SANDBOXING = YES;
				GCC_C_LANGUAGE_STANDARD = gnu17;
				GCC_DYNAMIC_NO_PIC = NO;
				GCC_NO_COMMON_BLOCKS = YES;
				GCC_OPTIMIZATION_LEVEL = 0;
				GCC_PREPROCESSOR_DEFINITIONS = (
					"DEBUG=1",
					"$(inherited)",
				);
				GCC_WARN_64_TO_32_BIT_CONVERSION = YES;
				GCC_WARN_ABOUT_RETURN_TYPE = YES_ERROR;
				GCC_WARN_UNDECLARED_SELECTOR = YES;
				GCC_WARN_UNINITIALIZED_AUTOS = YES_AGGRESSIVE;
				GCC_WARN_UNUSED_FUNCTION = YES;
				GCC_WARN_UNUSED_VARIABLE = YES;
				IPHONEOS_DEPLOYMENT_TARGET = 17.2;
				LOCALIZATION_PREFERS_STRING_CATALOGS = YES;
				MTL_ENABLE_DEBUG_INFO = INCLUDE_SOURCE;
				MTL_FAST_MATH = YES;
				ONLY_ACTIVE_ARCH = YES;
				SDKROOT = iphoneos;
				SWIFT_ACTIVE_COMPILATION_CONDITIONS = "DEBUG $(inherited)";
				SWIFT_OPTIMIZATION_LEVEL = "-Onone";
			};
			name = Debug;
		};
		5B4437412B830F6A0076C1E3 /* Release */ = {
			isa = XCBuildConfiguration;
			buildSettings = {
				ALWAYS_SEARCH_USER_PATHS = NO;
				ASSETCATALOG_COMPILER_GENERATE_SWIFT_ASSET_SYMBOL_EXTENSIONS = YES;
				CLANG_ANALYZER_NONNULL = YES;
				CLANG_ANALYZER_NUMBER_OBJECT_CONVERSION = YES_AGGRESSIVE;
				CLANG_CXX_LANGUAGE_STANDARD = "gnu++20";
				CLANG_ENABLE_MODULES = YES;
				CLANG_ENABLE_OBJC_ARC = YES;
				CLANG_ENABLE_OBJC_WEAK = YES;
				CLANG_WARN_BLOCK_CAPTURE_AUTORELEASING = YES;
				CLANG_WARN_BOOL_CONVERSION = YES;
				CLANG_WARN_COMMA = YES;
				CLANG_WARN_CONSTANT_CONVERSION = YES;
				CLANG_WARN_DEPRECATED_OBJC_IMPLEMENTATIONS = YES;
				CLANG_WARN_DIRECT_OBJC_ISA_USAGE = YES_ERROR;
				CLANG_WARN_DOCUMENTATION_COMMENTS = YES;
				CLANG_WARN_EMPTY_BODY = YES;
				CLANG_WARN_ENUM_CONVERSION = YES;
				CLANG_WARN_INFINITE_RECURSION = YES;
				CLANG_WARN_INT_CONVERSION = YES;
				CLANG_WARN_NON_LITERAL_NULL_CONVERSION = YES;
				CLANG_WARN_OBJC_IMPLICIT_RETAIN_SELF = YES;
				CLANG_WARN_OBJC_LITERAL_CONVERSION = YES;
				CLANG_WARN_OBJC_ROOT_CLASS = YES_ERROR;
				CLANG_WARN_QUOTED_INCLUDE_IN_FRAMEWORK_HEADER = YES;
				CLANG_WARN_RANGE_LOOP_ANALYSIS = YES;
				CLANG_WARN_STRICT_PROTOTYPES = YES;
				CLANG_WARN_SUSPICIOUS_MOVE = YES;
				CLANG_WARN_UNGUARDED_AVAILABILITY = YES_AGGRESSIVE;
				CLANG_WARN_UNREACHABLE_CODE = YES;
				CLANG_WARN__DUPLICATE_METHOD_MATCH = YES;
				COPY_PHASE_STRIP = NO;
				DEBUG_INFORMATION_FORMAT = "dwarf-with-dsym";
				ENABLE_NS_ASSERTIONS = NO;
				ENABLE_STRICT_OBJC_MSGSEND = YES;
				ENABLE_USER_SCRIPT_SANDBOXING = YES;
				GCC_C_LANGUAGE_STANDARD = gnu17;
				GCC_NO_COMMON_BLOCKS = YES;
				GCC_WARN_64_TO_32_BIT_CONVERSION = YES;
				GCC_WARN_ABOUT_RETURN_TYPE = YES_ERROR;
				GCC_WARN_UNDECLARED_SELECTOR = YES;
				GCC_WARN_UNINITIALIZED_AUTOS = YES_AGGRESSIVE;
				GCC_WARN_UNUSED_FUNCTION = YES;
				GCC_WARN_UNUSED_VARIABLE = YES;
				IPHONEOS_DEPLOYMENT_TARGET = 17.2;
				LOCALIZATION_PREFERS_STRING_CATALOGS = YES;
				MTL_ENABLE_DEBUG_INFO = NO;
				MTL_FAST_MATH = YES;
				SDKROOT = iphoneos;
				SWIFT_COMPILATION_MODE = wholemodule;
				VALIDATE_PRODUCT = YES;
			};
			name = Release;
		};
		5B4437432B830F6A0076C1E3 /* Debug */ = {
			isa = XCBuildConfiguration;
			buildSettings = {
				ASSETCATALOG_COMPILER_APPICON_NAME = AppIcon;
				ASSETCATALOG_COMPILER_GLOBAL_ACCENT_COLOR_NAME = AccentColor;
				CODE_SIGN_STYLE = Automatic;
				CURRENT_PROJECT_VERSION = 1;
				DEVELOPMENT_ASSET_PATHS = "\"LocationRequest/Preview Content\"";
				ENABLE_PREVIEWS = YES;
				GENERATE_INFOPLIST_FILE = YES;
				INFOPLIST_FILE = LocationRequest/Info.plist;
				INFOPLIST_KEY_NSLocationWhenInUseUsageDescription = "Please allow access to your location.";
				INFOPLIST_KEY_UIApplicationSceneManifest_Generation = YES;
				INFOPLIST_KEY_UIApplicationSupportsIndirectInputEvents = YES;
				INFOPLIST_KEY_UILaunchScreen_Generation = YES;
				INFOPLIST_KEY_UISupportedInterfaceOrientations_iPad = "UIInterfaceOrientationPortrait UIInterfaceOrientationPortraitUpsideDown UIInterfaceOrientationLandscapeLeft UIInterfaceOrientationLandscapeRight";
				INFOPLIST_KEY_UISupportedInterfaceOrientations_iPhone = "UIInterfaceOrientationPortrait UIInterfaceOrientationLandscapeLeft UIInterfaceOrientationLandscapeRight";
				LD_RUNPATH_SEARCH_PATHS = (
					"$(inherited)",
					"@executable_path/Frameworks",
				);
				MARKETING_VERSION = 1.0;
				PRODUCT_BUNDLE_IDENTIFIER = t.LocationRequest;
				PRODUCT_NAME = "$(TARGET_NAME)";
				SWIFT_EMIT_LOC_STRINGS = YES;
				SWIFT_VERSION = 5.0;
				TARGETED_DEVICE_FAMILY = "1,2";
			};
			name = Debug;
		};
		5B4437442B830F6A0076C1E3 /* Release */ = {
			isa = XCBuildConfiguration;
			buildSettings = {
				ASSETCATALOG_COMPILER_APPICON_NAME = AppIcon;
				ASSETCATALOG_COMPILER_GLOBAL_ACCENT_COLOR_NAME = AccentColor;
				CODE_SIGN_STYLE = Automatic;
				CURRENT_PROJECT_VERSION = 1;
				DEVELOPMENT_ASSET_PATHS = "\"LocationRequest/Preview Content\"";
				ENABLE_PREVIEWS = YES;
				GENERATE_INFOPLIST_FILE = YES;
				INFOPLIST_FILE = LocationRequest/Info.plist;
				INFOPLIST_KEY_NSLocationWhenInUseUsageDescription = "Please allow access to your location.";
				INFOPLIST_KEY_UIApplicationSceneManifest_Generation = YES;
				INFOPLIST_KEY_UIApplicationSupportsIndirectInputEvents = YES;
				INFOPLIST_KEY_UILaunchScreen_Generation = YES;
				INFOPLIST_KEY_UISupportedInterfaceOrientations_iPad = "UIInterfaceOrientationPortrait UIInterfaceOrientationPortraitUpsideDown UIInterfaceOrientationLandscapeLeft UIInterfaceOrientationLandscapeRight";
				INFOPLIST_KEY_UISupportedInterfaceOrientations_iPhone = "UIInterfaceOrientationPortrait UIInterfaceOrientationLandscapeLeft UIInterfaceOrientationLandscapeRight";
				LD_RUNPATH_SEARCH_PATHS = (
					"$(inherited)",
					"@executable_path/Frameworks",
				);
				MARKETING_VERSION = 1.0;
				PRODUCT_BUNDLE_IDENTIFIER = t.LocationRequest;
				PRODUCT_NAME = "$(TARGET_NAME)";
				SWIFT_EMIT_LOC_STRINGS = YES;
				SWIFT_VERSION = 5.0;
				TARGETED_DEVICE_FAMILY = "1,2";
			};
			name = Release;
		};
		5B4437462B830F6A0076C1E3 /* Debug */ = {
			isa = XCBuildConfiguration;
			buildSettings = {
				ALWAYS_EMBED_SWIFT_STANDARD_LIBRARIES = YES;
				BUNDLE_LOADER = "$(TEST_HOST)";
				CODE_SIGN_STYLE = Automatic;
				CURRENT_PROJECT_VERSION = 1;
				GENERATE_INFOPLIST_FILE = YES;
				IPHONEOS_DEPLOYMENT_TARGET = 17.2;
				MARKETING_VERSION = 1.0;
				PRODUCT_BUNDLE_IDENTIFIER = t.LocationRequestTests;
				PRODUCT_NAME = "$(TARGET_NAME)";
				SWIFT_EMIT_LOC_STRINGS = NO;
				SWIFT_VERSION = 5.0;
				TARGETED_DEVICE_FAMILY = "1,2";
				TEST_HOST = "$(BUILT_PRODUCTS_DIR)/LocationRequest.app/$(BUNDLE_EXECUTABLE_FOLDER_PATH)/LocationRequest";
			};
			name = Debug;
		};
		5B4437472B830F6A0076C1E3 /* Release */ = {
			isa = XCBuildConfiguration;
			buildSettings = {
				ALWAYS_EMBED_SWIFT_STANDARD_LIBRARIES = YES;
				BUNDLE_LOADER = "$(TEST_HOST)";
				CODE_SIGN_STYLE = Automatic;
				CURRENT_PROJECT_VERSION = 1;
				GENERATE_INFOPLIST_FILE = YES;
				IPHONEOS_DEPLOYMENT_TARGET = 17.2;
				MARKETING_VERSION = 1.0;
				PRODUCT_BUNDLE_IDENTIFIER = t.LocationRequestTests;
				PRODUCT_NAME = "$(TARGET_NAME)";
				SWIFT_EMIT_LOC_STRINGS = NO;
				SWIFT_VERSION = 5.0;
				TARGETED_DEVICE_FAMILY = "1,2";
				TEST_HOST = "$(BUILT_PRODUCTS_DIR)/LocationRequest.app/$(BUNDLE_EXECUTABLE_FOLDER_PATH)/LocationRequest";
			};
			name = Release;
		};
		5B4437492B830F6A0076C1E3 /* Debug */ = {
			isa = XCBuildConfiguration;
			buildSettings = {
				ALWAYS_EMBED_SWIFT_STANDARD_LIBRARIES = YES;
				CODE_SIGN_STYLE = Automatic;
				CURRENT_PROJECT_VERSION = 1;
				GENERATE_INFOPLIST_FILE = YES;
				MARKETING_VERSION = 1.0;
				PRODUCT_BUNDLE_IDENTIFIER = t.LocationRequestUITests;
				PRODUCT_NAME = "$(TARGET_NAME)";
				SWIFT_EMIT_LOC_STRINGS = NO;
				SWIFT_VERSION = 5.0;
				TARGETED_DEVICE_FAMILY = "1,2";
				TEST_TARGET_NAME = LocationRequest;
			};
			name = Debug;
		};
		5B44374A2B830F6A0076C1E3 /* Release */ = {
			isa = XCBuildConfiguration;
			buildSettings = {
				ALWAYS_EMBED_SWIFT_STANDARD_LIBRARIES = YES;
				CODE_SIGN_STYLE = Automatic;
				CURRENT_PROJECT_VERSION = 1;
				GENERATE_INFOPLIST_FILE = YES;
				MARKETING_VERSION = 1.0;
				PRODUCT_BUNDLE_IDENTIFIER = t.LocationRequestUITests;
				PRODUCT_NAME = "$(TARGET_NAME)";
				SWIFT_EMIT_LOC_STRINGS = NO;
				SWIFT_VERSION = 5.0;
				TARGETED_DEVICE_FAMILY = "1,2";
				TEST_TARGET_NAME = LocationRequest;
			};
			name = Release;
		};
/* End XCBuildConfiguration section */

/* Begin XCConfigurationList section */
		5B4437192B830F650076C1E3 /* Build configuration list for PBXProject "LocationRequest" */ = {
			isa = XCConfigurationList;
			buildConfigurations = (
				5B4437402B830F6A0076C1E3 /* Debug */,
				5B4437412B830F6A0076C1E3 /* Release */,
			);
			defaultConfigurationIsVisible = 0;
			defaultConfigurationName = Release;
		};
		5B4437422B830F6A0076C1E3 /* Build configuration list for PBXNativeTarget "LocationRequest" */ = {
			isa = XCConfigurationList;
			buildConfigurations = (
				5B4437432B830F6A0076C1E3 /* Debug */,
				5B4437442B830F6A0076C1E3 /* Release */,
			);
			defaultConfigurationIsVisible = 0;
			defaultConfigurationName = Release;
		};
		5B4437452B830F6A0076C1E3 /* Build configuration list for PBXNativeTarget "LocationRequestTests" */ = {
			isa = XCConfigurationList;
			buildConfigurations = (
				5B4437462B830F6A0076C1E3 /* Debug */,
				5B4437472B830F6A0076C1E3 /* Release */,
			);
			defaultConfigurationIsVisible = 0;
			defaultConfigurationName = Release;
		};
		5B4437482B830F6A0076C1E3 /* Build configuration list for PBXNativeTarget "LocationRequestUITests" */ = {
			isa = XCConfigurationList;
			buildConfigurations = (
				5B4437492B830F6A0076C1E3 /* Debug */,
				5B44374A2B830F6A0076C1E3 /* Release */,
			);
			defaultConfigurationIsVisible = 0;
			defaultConfigurationName = Release;
		};
/* End XCConfigurationList section */

/* Begin XCRemoteSwiftPackageReference section */
		5B2940372B84F390006FC615 /* XCRemoteSwiftPackageReference "mapbox-maps-ios" */ = {
			isa = XCRemoteSwiftPackageReference;
			repositoryURL = "https://github.com/mapbox/mapbox-maps-ios.git";
			requirement = {
				kind = upToNextMajorVersion;
				minimumVersion = 11.0.0;
			};
		};
/* End XCRemoteSwiftPackageReference section */

/* Begin XCSwiftPackageProductDependency section */
		5B2940382B84F390006FC615 /* MapboxMaps */ = {
			isa = XCSwiftPackageProductDependency;
			package = 5B2940372B84F390006FC615 /* XCRemoteSwiftPackageReference "mapbox-maps-ios" */;
			productName = MapboxMaps;
		};
/* End XCSwiftPackageProductDependency section */
	};
	rootObject = 5B4437162B830F650076C1E3 /* Project object */;
}
